{
    "compileClasspath": {
        "com.google.code.findbugs:findbugs-annotations": {
            "locked": "3.0.1"
        },
        "com.google.code.findbugs:jsr305": {
            "locked": "3.0.1"
        }
    },
    "runtime": {
        "com.google.code.findbugs:findbugs-annotations": {
            "locked": "3.0.1"
        },
        "com.google.code.findbugs:jsr305": {
            "locked": "3.0.1"
        }
    }
}