{
    "compileClasspath": {
        "com.google.code.findbugs:findbugs-annotations": {
            "locked": "3.0.1"
        },
        "com.google.code.findbugs:jsr305": {
            "locked": "3.0.1"
        },
        "org.slf4j:slf4j-api": {
            "locked": "1.7.25"
        }
    },
    "runtime": {
        "com.google.code.findbugs:findbugs-annotations": {
            "locked": "3.0.1"
        },
        "com.google.code.findbugs:jsr305": {
            "locked": "3.0.1"
        },
        "org.slf4j:slf4j-api": {
            "locked": "1.7.25"
        }
    }
}