# Danger! Multiple jars contain identically named classes. This may cause different behaviour depending on classpath ordering.
# Run ./gradlew checkClassUniqueness --write-locks to update this file

## runtimeClasspath
[org.hamcrest:hamcrest, org.hamcrest:hamcrest-core]
  - org.hamcrest.BaseDescription
  - org.hamcrest.BaseMatcher
  - org.hamcrest.Condition
  - org.hamcrest.Condition$1
  - org.hamcrest.Condition$Matched
  - org.hamcrest.Condition$NotMatched
  - org.hamcrest.Condition$Step
  - org.hamcrest.CoreMatchers
  - org.hamcrest.CustomMatcher
  - org.hamcrest.CustomTypeSafeMatcher
  - org.hamcrest.Description
  - org.hamcrest.Description$NullDescription
  - org.hamcrest.DiagnosingMatcher
  - org.hamcrest.FeatureMatcher
  - org.hamcrest.Matcher
  - org.hamcrest.MatcherAssert
  - org.hamcrest.SelfDescribing
  - org.hamcrest.StringDescription
  - org.hamcrest.TypeSafeDiagnosingMatcher
  - org.hamcrest.TypeSafeMatcher
  - org.hamcrest.core.AllOf
  - org.hamcrest.core.AnyOf
  - org.hamcrest.core.CombinableMatcher
  - org.hamcrest.core.CombinableMatcher$CombinableBothMatcher
  - org.hamcrest.core.CombinableMatcher$CombinableEitherMatcher
  - org.hamcrest.core.DescribedAs
  - org.hamcrest.core.Every
  - org.hamcrest.core.Is
  - org.hamcrest.core.IsAnything
  - org.hamcrest.core.IsCollectionContaining
  - org.hamcrest.core.IsEqual
  - org.hamcrest.core.IsInstanceOf
  - org.hamcrest.core.IsNot
  - org.hamcrest.core.IsNull
  - org.hamcrest.core.IsSame
  - org.hamcrest.core.ShortcutCombination
  - org.hamcrest.core.StringContains
  - org.hamcrest.core.StringEndsWith
  - org.hamcrest.core.StringStartsWith
  - org.hamcrest.core.SubstringMatcher
  - org.hamcrest.internal.ArrayIterator
  - org.hamcrest.internal.ReflectiveTypeFinder
  - org.hamcrest.internal.SelfDescribingValue
  - org.hamcrest.internal.SelfDescribingValueIterator
