# Run ./gradlew --write-locks to regenerate this file
ch.qos.logback:logback-access:1.4.1 (1 constraints: b41148e2)
ch.qos.logback:logback-classic:1.4.1 (5 constraints: 6442a707)
ch.qos.logback:logback-core:1.4.1 (5 constraints: b33cab70)
com.addthis.metrics:reporter-config-base:3.0.0 (1 constraints: 910fc888)
com.addthis.metrics:reporter-config3:3.0.0 (1 constraints: 910f6b88)
com.boundary:high-scale-lib:1.0.6 (2 constraints: 9d14d4a0)
com.clearspring.analytics:stream:2.5.2 (1 constraints: 970f7788)
com.datastax.cassandra:cassandra-driver-core:3.8.0 (1 constraints: 0d051236)
com.fasterxml:classmate:1.3.4 (1 constraints: 9b122713)
com.fasterxml.jackson.core:jackson-annotations:2.13.3 (12 constraints: 4ecd8d92)
com.fasterxml.jackson.core:jackson-core:2.13.3 (17 constraints: 9061a04f)
com.fasterxml.jackson.core:jackson-databind:2.13.3 (27 constraints: e71cd5c4)
com.fasterxml.jackson.dataformat:jackson-dataformat-cbor:2.13.3 (2 constraints: e233dc00)
com.fasterxml.jackson.dataformat:jackson-dataformat-smile:2.13.3 (1 constraints: 7f1c9ca4)
com.fasterxml.jackson.dataformat:jackson-dataformat-yaml:2.13.3 (4 constraints: 1f44152c)
com.fasterxml.jackson.datatype:jackson-datatype-guava:2.13.3 (3 constraints: 6730825e)
com.fasterxml.jackson.datatype:jackson-datatype-jdk8:2.13.3 (3 constraints: 6730825e)
com.fasterxml.jackson.datatype:jackson-datatype-joda:2.13.3 (2 constraints: 2d2beaaf)
com.fasterxml.jackson.datatype:jackson-datatype-jsr310:2.13.3 (3 constraints: 6730825e)
com.fasterxml.jackson.jaxrs:jackson-jaxrs-base:2.13.3 (2 constraints: db2e8069)
com.fasterxml.jackson.jaxrs:jackson-jaxrs-cbor-provider:2.13.3 (1 constraints: 411979bb)
com.fasterxml.jackson.jaxrs:jackson-jaxrs-json-provider:2.13.3 (1 constraints: b70ea16b)
com.fasterxml.jackson.module:jackson-module-afterburner:2.13.3 (2 constraints: 492b7db6)
com.fasterxml.jackson.module:jackson-module-jaxb-annotations:2.13.3 (2 constraints: db2e8069)
com.fasterxml.jackson.module:jackson-module-parameter-names:2.13.3 (1 constraints: af0e575e)
com.github.ben-manes.caffeine:caffeine:3.1.1 (13 constraints: 01cec7ed)
com.github.jbellis:jamm:0.3.0 (1 constraints: 910f6588)
com.github.jnr:jffi:1.2.16 (1 constraints: 200ae4bc)
com.github.jnr:jnr-constants:0.9.9 (1 constraints: f60a26ce)
com.github.jnr:jnr-ffi:2.1.7 (2 constraints: ad1d9f5b)
com.github.jnr:jnr-posix:3.0.44 (1 constraints: f112ad35)
com.github.jnr:jnr-x86asm:1.0.2 (1 constraints: e909bfb2)
com.github.rholder:guava-retrying:2.0.0 (1 constraints: 0405f535)
com.github.tjake:crc32ex:0.1.1 (1 constraints: 900f6088)
com.github.zafarkhaja:java-semver:0.9.0 (1 constraints: c315c0d2)
com.google.auto:auto-common:1.2.1 (2 constraints: 43144175)
com.google.auto.service:auto-service:1.0.1 (1 constraints: 0405f135)
com.google.auto.service:auto-service-annotations:1.0.1 (2 constraints: 3f146483)
com.google.code.findbugs:findbugs-annotations:3.0.1 (1 constraints: 0605fb35)
com.google.code.findbugs:jsr305:3.0.2 (31 constraints: d0dbd570)
com.google.dagger:dagger:2.43.2 (4 constraints: 2a2ff682)
com.google.dagger:dagger-compiler:2.43.2 (1 constraints: 3d05463b)
com.google.dagger:dagger-producers:2.43.2 (2 constraints: f21aeb91)
com.google.dagger:dagger-spi:2.43.2 (1 constraints: 810e345d)
com.google.devtools.ksp:symbol-processing-api:1.7.0-1.0.6 (3 constraints: 50255029)
com.google.errorprone:error_prone_annotations:2.10.0 (23 constraints: 8f781fe2)
com.google.errorprone:javac-shaded:9-dev-r4023-3 (1 constraints: 151671fc)
com.google.googlejavaformat:google-java-format:1.5 (1 constraints: ee0d4132)
com.google.guava:failureaccess:1.0.1 (4 constraints: 563320fd)
com.google.guava:guava:31.1-jre (47 constraints: e02764a6)
com.google.guava:listenablefuture:9999.0-empty-to-avoid-conflict-with-guava (1 constraints: bd17c918)
com.google.j2objc:j2objc-annotations:1.3 (1 constraints: b809eda0)
com.google.protobuf:protobuf-java:3.21.6 (1 constraints: 3e05423b)
com.googlecode.concurrentlinkedhashmap:concurrentlinkedhashmap-lru:1.4 (1 constraints: 350f7769)
com.googlecode.json-simple:json-simple:1.1 (1 constraints: 320f7469)
com.googlecode.protobuf-java-format:protobuf-java-format:1.4 (1 constraints: a9041e2c)
com.helger:profiler:1.1.1 (1 constraints: e21053b8)
com.lmax:disruptor:3.4.2 (2 constraints: e9157edc)
com.netflix.feign:feign-core:8.18.0 (3 constraints: de3f76e0)
com.netflix.feign:feign-jackson:8.18.0 (1 constraints: c718909e)
com.ning:compress-lzf:0.8.4 (1 constraints: 9a0f7888)
com.oracle.database.jdbc:ojdbc11:21.5.0.0 (1 constraints: 98054146)
com.palantir.cassandra:cassandra-all:2.2.13-1.6.0 (1 constraints: 5a067b5e)
com.palantir.cassandra:cassandra-thrift:2.2.13-1.6.0 (2 constraints: 3f176da3)
com.palantir.common:streams:2.0.0 (1 constraints: 0405f535)
com.palantir.config.crypto:encrypted-config-value:4.0.0 (2 constraints: 841cf8b7)
com.palantir.config.crypto:encrypted-config-value-module:4.0.0 (1 constraints: 0605ff35)
com.palantir.conjure.java:conjure-lib:6.56.0 (5 constraints: a154416c)
com.palantir.conjure.java:conjure-undertow-annotations:6.56.0 (1 constraints: 4305693b)
com.palantir.conjure.java:conjure-undertow-lib:6.56.0 (2 constraints: 871c27b0)
com.palantir.conjure.java.api:errors:2.28.0 (6 constraints: 4769bc74)
com.palantir.conjure.java.api:service-config:2.28.0 (5 constraints: 794dfccb)
com.palantir.conjure.java.api:ssl-config:2.28.0 (3 constraints: e62a4ba5)
com.palantir.conjure.java.runtime:client-config:7.38.0 (6 constraints: b76b3333)
com.palantir.conjure.java.runtime:conjure-java-annotations:7.38.0 (1 constraints: c818929e)
com.palantir.conjure.java.runtime:conjure-java-jackson-optimizations:7.38.0 (2 constraints: cb21c37a)
com.palantir.conjure.java.runtime:conjure-java-jackson-serialization:7.38.0 (6 constraints: 416e758f)
com.palantir.conjure.java.runtime:conjure-java-jaxrs-client:7.38.0 (1 constraints: 44056d3b)
com.palantir.conjure.java.runtime:conjure-java-jersey-server:7.38.0 (1 constraints: 44056d3b)
com.palantir.conjure.java.runtime:conjure-java-legacy-clients:7.38.0 (1 constraints: c818929e)
com.palantir.conjure.java.runtime:keystores:7.38.0 (3 constraints: 1e2a3b60)
com.palantir.conjure.java.runtime:refresh-utils:7.38.0 (2 constraints: 0b1e2c45)
com.palantir.dialogue:dialogue-apache-hc5-client:3.66.0 (2 constraints: 7d29b901)
com.palantir.dialogue:dialogue-blocking-channels:3.66.0 (2 constraints: dd23cbb3)
com.palantir.dialogue:dialogue-clients:3.66.0 (1 constraints: 41055b3b)
com.palantir.dialogue:dialogue-core:3.66.0 (3 constraints: 7f3d76e1)
com.palantir.dialogue:dialogue-futures:3.66.0 (3 constraints: d43321bf)
com.palantir.dialogue:dialogue-serde:3.66.0 (3 constraints: bd2e72a3)
com.palantir.dialogue:dialogue-target:3.66.0 (7 constraints: 9276a25d)
com.palantir.docker.compose:docker-compose-rule-core:1.8.0 (3 constraints: d92f0e11)
com.palantir.docker.compose:docker-compose-rule-events-api-objects:1.8.0 (1 constraints: c315c2d2)
com.palantir.docker.compose:docker-compose-rule-junit4:1.8.0 (2 constraints: 171a3207)
com.palantir.docker.proxy:docker-proxy-rule-core:1.1.1 (2 constraints: 0e1ab105)
com.palantir.docker.proxy:docker-proxy-rule-junit4:1.1.1 (1 constraints: 0505f435)
com.palantir.goethe:goethe:0.8.0 (1 constraints: 0a050336)
com.palantir.nylon:nylon-threads:0.3.0 (1 constraints: 0505f435)
com.palantir.refreshable:refreshable:2.2.0 (3 constraints: 69298ff2)
com.palantir.ri:resource-identifier:2.5.0 (3 constraints: a72f8136)
com.palantir.safe-logging:logger:3.0.0 (23 constraints: ab899ac7)
com.palantir.safe-logging:logger-slf4j:3.0.0 (1 constraints: fe0d5342)
com.palantir.safe-logging:logger-spi:3.0.0 (2 constraints: 0b1e2f7a)
com.palantir.safe-logging:preconditions:3.0.0 (30 constraints: 1c05b224)
com.palantir.safe-logging:safe-logging:3.0.0 (27 constraints: c7bf955c)
com.palantir.safethreadlocalrandom:safe-thread-local-random:0.1.0 (3 constraints: 933225f9)
com.palantir.sls.versions:sls-versions:1.4.0 (1 constraints: 0705fc35)
com.palantir.tokens:auth-tokens:3.15.0 (5 constraints: 3b5c798b)
com.palantir.tracing:tracing:6.15.0 (8 constraints: df7d164c)
com.palantir.tracing:tracing-api:6.15.0 (5 constraints: 094511f1)
com.palantir.tracing:tracing-jersey:6.15.0 (1 constraints: 441994bb)
com.palantir.tritium:tritium-api:0.53.0 (6 constraints: 44525fc9)
com.palantir.tritium:tritium-caffeine:0.53.0 (1 constraints: 3a053c3b)
com.palantir.tritium:tritium-core:0.53.0 (5 constraints: 53438119)
com.palantir.tritium:tritium-lib:0.53.0 (1 constraints: 3a053c3b)
com.palantir.tritium:tritium-metrics:0.53.0 (7 constraints: ff6b4ee2)
com.palantir.tritium:tritium-proxy:0.53.0 (1 constraints: 800e7c59)
com.palantir.tritium:tritium-registry:0.53.0 (12 constraints: 04d30141)
com.palantir.tritium:tritium-slf4j:0.53.0 (2 constraints: b9132170)
com.palantir.tritium:tritium-tracing:0.53.0 (1 constraints: 800e7c59)
com.squareup:javapoet:1.13.0 (4 constraints: 102cc1ed)
com.thinkaurelius.thrift:thrift-server:0.3.7 (1 constraints: 980f6c88)
com.zaxxer:HikariCP:5.0.1 (1 constraints: 08050536)
commons-cli:commons-cli:1.5.0 (3 constraints: 7b248c96)
commons-codec:commons-codec:1.15 (4 constraints: de3664ce)
commons-dbutils:commons-dbutils:1.7 (1 constraints: ac04212c)
commons-io:commons-io:2.11.0 (2 constraints: 991af415)
commons-logging:commons-logging:1.1.1 (1 constraints: 2010a591)
info.picocli:picocli:4.3.2 (1 constraints: 8c10e3b0)
io.airlift:airline:0.9 (1 constraints: ad04202c)
io.dropwizard:dropwizard-configuration:2.0.2 (2 constraints: 4312f113)
io.dropwizard:dropwizard-core:2.0.2 (2 constraints: 9813e054)
io.dropwizard:dropwizard-http2:2.0.2 (1 constraints: 0605f735)
io.dropwizard:dropwizard-jackson:2.0.2 (6 constraints: 7b4ecfd3)
io.dropwizard:dropwizard-jersey:2.0.2 (2 constraints: 4312f113)
io.dropwizard:dropwizard-jetty:2.0.2 (4 constraints: 7a31ff01)
io.dropwizard:dropwizard-lifecycle:2.0.2 (3 constraints: ce204051)
io.dropwizard:dropwizard-logging:2.0.2 (5 constraints: de3f0908)
io.dropwizard:dropwizard-metrics:2.0.2 (1 constraints: 3e0d2d1f)
io.dropwizard:dropwizard-request-logging:2.0.2 (2 constraints: 4312f113)
io.dropwizard:dropwizard-servlets:2.0.2 (1 constraints: 3e0d2d1f)
io.dropwizard:dropwizard-util:2.0.2 (5 constraints: ca496b97)
io.dropwizard:dropwizard-validation:2.0.2 (5 constraints: 7649918e)
io.dropwizard.logback:logback-throttling-appender:1.1.0 (1 constraints: 7a0ece4f)
io.dropwizard.metrics:metrics-annotation:4.1.2 (2 constraints: 411f02ba)
io.dropwizard.metrics:metrics-core:4.1.2 (22 constraints: be6449da)
io.dropwizard.metrics:metrics-healthchecks:4.1.2 (2 constraints: 261e8a46)
io.dropwizard.metrics:metrics-jersey2:4.1.2 (1 constraints: 2a0e1640)
io.dropwizard.metrics:metrics-jetty9:4.1.2 (1 constraints: c80d3430)
io.dropwizard.metrics:metrics-jmx:4.1.2 (1 constraints: 410d3a1f)
io.dropwizard.metrics:metrics-json:4.1.2 (1 constraints: e61063b8)
io.dropwizard.metrics:metrics-jvm:4.1.2 (3 constraints: b72d68fa)
io.dropwizard.metrics:metrics-logback:4.1.2 (1 constraints: 7f0edf4f)
io.dropwizard.metrics:metrics-servlets:4.1.2 (1 constraints: 410d3a1f)
io.leangen.geantyref:geantyref:1.3.13 (1 constraints: bb08bd94)
io.netty:netty-all:4.1.82.Final (1 constraints: e21188fd)
io.netty:netty-buffer:4.1.82.Final (14 constraints: 2dd938c0)
io.netty:netty-codec:4.1.82.Final (7 constraints: 475e853f)
io.netty:netty-codec-dns:4.1.82.Final (2 constraints: a419ee03)
io.netty:netty-codec-haproxy:4.1.82.Final (1 constraints: fd0a0dcf)
io.netty:netty-codec-http:4.1.82.Final (2 constraints: 0d1a1f1f)
io.netty:netty-codec-http2:4.1.82.Final (1 constraints: fd0a0dcf)
io.netty:netty-codec-memcache:4.1.82.Final (1 constraints: fd0a0dcf)
io.netty:netty-codec-mqtt:4.1.82.Final (1 constraints: fd0a0dcf)
io.netty:netty-codec-redis:4.1.82.Final (1 constraints: fd0a0dcf)
io.netty:netty-codec-smtp:4.1.82.Final (1 constraints: fd0a0dcf)
io.netty:netty-codec-socks:4.1.82.Final (2 constraints: 0d1a1f1f)
io.netty:netty-codec-stomp:4.1.82.Final (1 constraints: fd0a0dcf)
io.netty:netty-codec-xml:4.1.82.Final (1 constraints: fd0a0dcf)
io.netty:netty-common:4.1.82.Final (17 constraints: b006a1ac)
io.netty:netty-handler:4.1.82.Final (4 constraints: 5e3cbfaa)
io.netty:netty-handler-proxy:4.1.82.Final (2 constraints: 55123a2a)
io.netty:netty-resolver:4.1.82.Final (4 constraints: f533b5f7)
io.netty:netty-resolver-dns:4.1.82.Final (2 constraints: ff1e5cb0)
io.netty:netty-resolver-dns-classes-macos:4.1.82.Final (2 constraints: 981ef08e)
io.netty:netty-resolver-dns-native-macos:4.1.82.Final (1 constraints: fd0a0dcf)
io.netty:netty-transport:4.1.82.Final (14 constraints: d5d2f9af)
io.netty:netty-transport-classes-epoll:4.1.82.Final (2 constraints: aa1d4834)
io.netty:netty-transport-classes-kqueue:4.1.82.Final (2 constraints: 1e1ee755)
io.netty:netty-transport-native-epoll:4.1.82.Final (1 constraints: fd0a0dcf)
io.netty:netty-transport-native-kqueue:4.1.82.Final (1 constraints: fd0a0dcf)
io.netty:netty-transport-native-unix-common:4.1.82.Final (7 constraints: 0a7879fe)
io.netty:netty-transport-rxtx:4.1.82.Final (1 constraints: fd0a0dcf)
io.netty:netty-transport-sctp:4.1.82.Final (1 constraints: fd0a0dcf)
io.netty:netty-transport-udt:4.1.82.Final (1 constraints: fd0a0dcf)
io.undertow:undertow-core:2.2.19.Final (2 constraints: 391ddc07)
io.vavr:vavr:0.10.4 (1 constraints: 3705273b)
io.vavr:vavr-match:0.10.4 (1 constraints: 8b061d57)
it.unimi.dsi:fastutil:6.5.7 (1 constraints: 6d0e414b)
jakarta.activation:jakarta.activation-api:1.2.2 (4 constraints: 724514b4)
jakarta.annotation:jakarta.annotation-api:1.3.5 (6 constraints: 585f001f)
jakarta.inject:jakarta.inject-api:1.0 (14 constraints: aed4b2f2)
jakarta.servlet:jakarta.servlet-api:4.0.3 (6 constraints: d4614b0e)
jakarta.validation:jakarta.validation-api:2.0.2 (5 constraints: e84b08c0)
jakarta.ws.rs:jakarta.ws.rs-api:2.1.6 (11 constraints: 0cd58dd3)
jakarta.xml.bind:jakarta.xml.bind-api:2.3.3 (4 constraints: f83a8e9e)
jline:jline:2.14.6 (1 constraints: f90f6890)
joda-time:joda-time:2.11.1 (6 constraints: ae58f233)
junit:junit:4.13.2 (8 constraints: 999bc161)
net.bytebuddy:byte-buddy:1.12.16 (3 constraints: 9f254ed3)
net.bytebuddy:byte-buddy-agent:1.12.14 (1 constraints: 730bace9)
net.java.dev.jna:jna:4.1.0 (2 constraints: 6e1bbbad)
net.jpountz.lz4:lz4:1.3.0 (2 constraints: 971453a0)
net.ltgt.gradle.incap:incap:0.2 (1 constraints: ea0d3b32)
net.sf.jopt-simple:jopt-simple:5.0.4 (1 constraints: be0ad6cc)
net.sf.supercsv:super-csv:2.1.0 (1 constraints: 910f6988)
net.sourceforge.argparse4j:argparse4j:0.8.1 (1 constraints: 430d3a1f)
one.util:streamex:0.8.1 (3 constraints: 282f95ae)
org.antlr:ST4:4.0.8 (1 constraints: 96073c6c)
org.antlr:antlr:3.5.2 (1 constraints: 980f7c88)
org.antlr:antlr-runtime:3.5.2 (3 constraints: 781d0aae)
org.apache.commons:commons-lang3:3.12.0 (10 constraints: de91130a)
org.apache.commons:commons-math3:3.2 (2 constraints: 90196ff8)
org.apache.commons:commons-pool2:2.11.1 (1 constraints: 3705333b)
org.apache.commons:commons-text:1.9 (2 constraints: da27efb9)
org.apache.httpcomponents:httpclient:4.2.5 (1 constraints: 3c0ca8f8)
org.apache.httpcomponents:httpcore:4.2.4 (2 constraints: 611ce6cf)
org.apache.httpcomponents.client5:httpclient5:5.1.3 (1 constraints: cd13956e)
org.apache.httpcomponents.core5:httpcore5:5.1.4 (3 constraints: 6139a70d)
org.apache.httpcomponents.core5:httpcore5-h2:5.1.3 (1 constraints: 3d13093c)
org.apache.thrift:libthrift:0.9.2 (4 constraints: 793650e2)
org.assertj:assertj-core:3.23.1 (5 constraints: 6445c5d8)
org.assertj:assertj-guava:3.4.0 (1 constraints: 09050636)
org.awaitility:awaitility:4.2.0 (2 constraints: c71a893b)
org.caffinitas.ohc:ohc-core:0.3.4 (1 constraints: 950f6988)
org.checkerframework:checker-compat-qual:2.5.5 (2 constraints: 1f1d1717)
org.checkerframework:checker-qual:3.22.0 (3 constraints: 6b26c1e1)
org.clojure:clojure:1.8.0 (1 constraints: 0b050836)
org.codehaus.groovy:groovy:2.5.14 (23 constraints: b55185ba)
org.codehaus.groovy:groovy-cli-picocli:2.5.14 (5 constraints: d54e9017)
org.codehaus.groovy:groovy-console:2.5.14 (2 constraints: a71d7b2f)
org.codehaus.groovy:groovy-groovysh:2.5.14 (2 constraints: ed12fb43)
org.codehaus.groovy:groovy-json:2.5.14 (2 constraints: ed12fb43)
org.codehaus.groovy:groovy-swing:2.5.14 (2 constraints: 191dbb0d)
org.codehaus.groovy:groovy-templates:2.5.14 (5 constraints: 594e93c5)
org.codehaus.groovy:groovy-xml:2.5.14 (3 constraints: 702d10ee)
org.codehaus.jackson:jackson-core-asl:1.9.2 (2 constraints: 58207b33)
org.codehaus.jackson:jackson-mapper-asl:1.9.2 (1 constraints: 9a0f7e88)
org.derive4j:derive4j-annotation:1.1.1 (1 constraints: 0505f435)
org.eclipse.collections:eclipse-collections:11.1.0 (1 constraints: 35052f3b)
org.eclipse.collections:eclipse-collections-api:11.1.0 (2 constraints: 12187676)
org.eclipse.jdt.core.compiler:ecj:4.4.2 (1 constraints: 980f7e88)
org.eclipse.jetty:jetty-alpn-openjdk8-server:9.4.26.v20200117 (1 constraints: f90f7dd2)
org.eclipse.jetty:jetty-alpn-server:9.4.26.v20200117 (1 constraints: 1d158cfe)
org.eclipse.jetty:jetty-continuation:9.4.26.v20200117 (2 constraints: 6e21a442)
org.eclipse.jetty:jetty-http:9.4.26.v20200117 (4 constraints: 4642d4fa)
org.eclipse.jetty:jetty-io:9.4.26.v20200117 (5 constraints: 49562303)
org.eclipse.jetty:jetty-security:9.4.26.v20200117 (1 constraints: 63102ae2)
org.eclipse.jetty:jetty-server:9.4.26.v20200117 (7 constraints: 4279cdd8)
org.eclipse.jetty:jetty-servlet:9.4.26.v20200117 (2 constraints: 132042cd)
org.eclipse.jetty:jetty-servlets:9.4.26.v20200117 (1 constraints: 371072d7)
org.eclipse.jetty:jetty-util:9.4.26.v20200117 (6 constraints: 095f026d)
org.eclipse.jetty:jetty-webapp:9.4.26.v20200117 (1 constraints: 99108aeb)
org.eclipse.jetty:jetty-xml:9.4.26.v20200117 (1 constraints: dd0f08cb)
org.eclipse.jetty.http2:http2-common:9.4.26.v20200117 (1 constraints: d711793c)
org.eclipse.jetty.http2:http2-hpack:9.4.26.v20200117 (1 constraints: c911143b)
org.eclipse.jetty.http2:http2-server:9.4.26.v20200117 (1 constraints: f90f7dd2)
org.eclipse.jetty.toolchain.setuid:jetty-setuid-java:1.0.3 (1 constraints: 3e0d291f)
org.fusesource:sigar:1.6.4 (1 constraints: 990f7788)
org.glassfish:jakarta.el:3.0.3 (2 constraints: bf231f5c)
org.glassfish.hk2:hk2-api:2.6.1 (1 constraints: 6e0c620c)
org.glassfish.hk2:hk2-locator:2.6.1 (1 constraints: 4410e0ad)
org.glassfish.hk2:hk2-utils:2.6.1 (2 constraints: 21173277)
org.glassfish.hk2:osgi-resource-locator:1.0.3 (1 constraints: ef10e7c2)
org.glassfish.hk2.external:aopalliance-repackaged:2.6.1 (2 constraints: 21173277)
org.glassfish.jersey.containers:jersey-container-servlet:2.30 (1 constraints: fa0dea31)
org.glassfish.jersey.containers:jersey-container-servlet-core:2.30 (2 constraints: 96315577)
org.glassfish.jersey.core:jersey-client:2.34 (2 constraints: 1a34a98a)
org.glassfish.jersey.core:jersey-common:2.34 (8 constraints: f18f620d)
org.glassfish.jersey.core:jersey-server:2.34 (9 constraints: 0fc9f4ba)
org.glassfish.jersey.ext:jersey-bean-validation:2.34 (2 constraints: dc26c385)
org.glassfish.jersey.ext:jersey-metainf-services:2.30 (1 constraints: fa0dea31)
org.glassfish.jersey.inject:jersey-hk2:2.34 (2 constraints: dc26c385)
org.hamcrest:hamcrest:2.1 (4 constraints: 5133605b)
org.hamcrest:hamcrest-core:2.1 (2 constraints: 88126e10)
org.hdrhistogram:HdrHistogram:2.1.12 (1 constraints: 3e103aa2)
org.hibernate:hibernate-validator:4.3.0.Final (2 constraints: ee248003)
org.hibernate.validator:hibernate-validator:6.1.2.Final (2 constraints: f5272f21)
org.immutables:value:2.8.8 (1 constraints: 060bd5af)
org.javassist:javassist:3.28.0-GA (3 constraints: 4a2fc387)
org.jboss.logging:jboss-logging:3.4.1.Final (5 constraints: 39550c65)
org.jboss.marshalling:jboss-marshalling:2.1.0.Final (1 constraints: 1d07a45a)
org.jboss.threads:jboss-threads:3.5.0.Final (4 constraints: d731aebb)
org.jboss.xnio:xnio-api:3.8.7.Final (2 constraints: 771a3146)
org.jboss.xnio:xnio-nio:3.8.7.Final (1 constraints: c80dcb30)
org.jdbi:jdbi3-core:3.30.0 (2 constraints: 0e10d5bf)
org.jdbi:jdbi3-sqlobject:3.30.0 (1 constraints: 38053d3b)
org.jetbrains:annotations:13.0 (1 constraints: df0e795c)
org.jetbrains.kotlin:kotlin-stdlib:1.7.0 (6 constraints: 646102d3)
org.jetbrains.kotlin:kotlin-stdlib-common:1.7.0 (1 constraints: 110f8b6b)
org.jetbrains.kotlin:kotlin-stdlib-jdk7:1.7.0 (1 constraints: af1016c2)
org.jetbrains.kotlin:kotlin-stdlib-jdk8:1.7.0 (2 constraints: 8c1a1161)
org.jetbrains.kotlinx:kotlinx-metadata-jvm:0.5.0 (1 constraints: 4b0ea44e)
org.jvnet:animal-sniffer-annotation:1.0 (1 constraints: f20b95eb)
org.mindrot:jbcrypt:0.4 (2 constraints: 4714f171)
org.mockito:mockito-core:4.8.0 (2 constraints: 2c160cfd)
org.mpierce.metrics.reservoir:hdrhistogram-metrics-reservoir:1.1.3 (1 constraints: 0d10f991)
org.objenesis:objenesis:3.2 (3 constraints: fa220250)
org.openjdk.jmh:jmh-core:1.35 (2 constraints: f315f3d8)
org.openjdk.jmh:jmh-generator-annprocess:1.35 (1 constraints: dd04fa30)
org.ow2.asm:asm:7.1 (4 constraints: d71f9495)
org.ow2.asm:asm-analysis:5.0.3 (1 constraints: ee09d4b2)
org.ow2.asm:asm-commons:5.0.3 (1 constraints: ee09d4b2)
org.ow2.asm:asm-tree:5.0.3 (4 constraints: d8272223)
org.ow2.asm:asm-util:5.0.3 (1 constraints: ee09d4b2)
org.postgresql:postgresql:42.4.1 (1 constraints: 3d05503b)
org.reflections:reflections:0.10.2 (1 constraints: 3505253b)
org.rocksdb:rocksdbjni:7.5.3 (1 constraints: 11052036)
org.slf4j:jcl-over-slf4j:2.0.1 (3 constraints: 432fe5ed)
org.slf4j:jul-to-slf4j:2.0.1 (1 constraints: b30e965e)
org.slf4j:log4j-over-slf4j:2.0.1 (3 constraints: 432fe5ed)
org.slf4j:slf4j-api:2.0.1 (44 constraints: e3838e33)
org.wildfly.client:wildfly-client-config:1.0.1.Final (1 constraints: 940c6308)
org.wildfly.common:wildfly-common:1.6.0.Final (3 constraints: 94236ea3)
org.xerial:sqlite-jdbc:3.36.0 (1 constraints: 3e054f3b)
org.xerial.snappy:snappy-java:1.1.8 (2 constraints: 011529cb)
org.yaml:snakeyaml:1.32 (5 constraints: 024cff6e)

[Test dependencies]
cglib:cglib:3.2.8 (1 constraints: 1f0a62b5)
com.beust:jcommander:1.72 (1 constraints: 4e08137a)
com.ea.agentloader:ea-agent-loader:1.0.3 (1 constraints: 0605f335)
com.github.peterwippermann.junit4:parameterized-suite:1.1.0 (1 constraints: 0405f335)
com.github.stefanbirkner:system-rules:1.19.0 (1 constraints: 3d05443b)
com.github.tomakehurst:wiremock-standalone:2.27.2 (1 constraints: 3f054a3b)
com.google.code.findbugs:annotations:3.0.1 (1 constraints: 9e0aafc3)
com.palantir.conjure.java.api:test-utils:2.28.0 (1 constraints: 3e054b3b)
com.palantir.safe-logging:preconditions-assertj:3.0.0 (1 constraints: 0505fa35)
com.palantir.tracing:tracing-test-utils:6.15.0 (1 constraints: 3e05563b)
com.spotify.dataenum:dataenum:1.4.1 (1 constraints: e9105ac1)
com.thoughtworks.qdox:qdox:1.12.1 (1 constraints: 6d11f7d9)
io.dropwizard:dropwizard-testing:2.0.2 (1 constraints: 0605f735)
junit:junit-dep:4.11 (1 constraints: ba1063b3)
net.jcip:jcip-annotations:1.0 (2 constraints: fa13a659)
org.apache-extras.beanshell:bsh:2.0b6 (1 constraints: ac07626b)
org.apache.ant:ant:1.9.15 (2 constraints: b21830c3)
org.apache.ant:ant-antlr:1.9.15 (1 constraints: be0d9c37)
org.apache.ant:ant-junit:1.9.15 (1 constraints: be0d9c37)
org.apache.ant:ant-launcher:1.9.15 (2 constraints: 5b16041e)
org.codehaus.groovy:groovy-all:2.5.14 (1 constraints: 7707a56a)
org.codehaus.groovy:groovy-ant:2.5.14 (1 constraints: b00d2137)
org.codehaus.groovy:groovy-cli-commons:2.5.14 (1 constraints: b00d2137)
org.codehaus.groovy:groovy-datetime:2.5.14 (1 constraints: b00d2137)
org.codehaus.groovy:groovy-docgenerator:2.5.14 (2 constraints: 021e214f)
org.codehaus.groovy:groovy-groovydoc:2.5.14 (2 constraints: 691b2892)
org.codehaus.groovy:groovy-jmx:2.5.14 (1 constraints: b00d2137)
org.codehaus.groovy:groovy-jsr223:2.5.14 (1 constraints: b00d2137)
org.codehaus.groovy:groovy-macro:2.5.14 (1 constraints: b00d2137)
org.codehaus.groovy:groovy-nio:2.5.14 (1 constraints: b00d2137)
org.codehaus.groovy:groovy-servlet:2.5.14 (1 constraints: b00d2137)
org.codehaus.groovy:groovy-sql:2.5.14 (1 constraints: b00d2137)
org.codehaus.groovy:groovy-test:2.5.14 (2 constraints: ed12fb43)
org.codehaus.groovy:groovy-test-junit5:2.5.14 (1 constraints: b00d2137)
org.codehaus.groovy:groovy-testng:2.5.14 (1 constraints: b00d2137)
org.freemarker:freemarker:2.3.31 (1 constraints: 3b053c3b)
org.glassfish.jersey.test-framework:jersey-test-framework-core:2.30 (1 constraints: 4723d4ba)
org.glassfish.jersey.test-framework.providers:jersey-test-framework-provider-inmemory:2.30 (1 constraints: 660e8242)
org.gmock:gmock:0.8.3 (1 constraints: 0d050636)
org.hamcrest:hamcrest-library:2.1 (1 constraints: 1507415c)
org.jmock:jmock:2.12.0 (2 constraints: 7d0fa3a1)
org.jmock:jmock-legacy:2.12.0 (1 constraints: 3705353b)
org.jmock:jmock-testjar:2.12.0 (1 constraints: a507a272)
org.junit.jupiter:junit-jupiter-api:5.4.2 (2 constraints: 3c219571)
org.junit.jupiter:junit-jupiter-engine:5.4.2 (1 constraints: 92108bb2)
org.junit.platform:junit-platform-commons:1.4.2 (2 constraints: d5202f4a)
org.junit.platform:junit-platform-engine:1.4.2 (2 constraints: ed22c407)
org.junit.platform:junit-platform-launcher:1.4.2 (1 constraints: 8e1077b2)
org.opentest4j:opentest4j:1.1.1 (2 constraints: cd205749)
org.testng:testng:6.13.1 (1 constraints: 0b0f686b)
uk.org.lidalia:lidalia-lang:1.0.0 (1 constraints: f70a87d5)
uk.org.lidalia:lidalia-slf4j-ext:1.0.0 (1 constraints: f70a87d5)
uk.org.lidalia:slf4j-test:1.1.0 (1 constraints: 0405f335)
