# Run ./gradlew writeVersionsLock to regenerate this file
ch.qos.logback:logback-access:1.2.12 (1 constraints: e4112af4)
ch.qos.logback:logback-classic:1.2.12 (8 constraints: 3971367b)
ch.qos.logback:logback-core:1.2.12 (7 constraints: c45f4f63)
com.addthis.metrics:reporter-config-base:3.0.0 (1 constraints: 910fc888)
com.addthis.metrics:reporter-config3:3.0.0 (1 constraints: 910f6b88)
com.boundary:high-scale-lib:1.0.6 (2 constraints: 9d14d4a0)
com.clearspring.analytics:stream:2.5.2 (1 constraints: 970f7788)
com.datastax.cassandra:cassandra-driver-core:3.8.0 (1 constraints: 0d051236)
com.fasterxml:classmate:1.5.1 (3 constraints: 8530e55a)
com.fasterxml.jackson.core:jackson-annotations:2.15.3 (26 constraints: eaafdfa4)
com.fasterxml.jackson.core:jackson-core:2.15.3 (26 constraints: 9214251f)
com.fasterxml.jackson.core:jackson-databind:2.15.3 (39 constraints: 3dec5d51)
com.fasterxml.jackson.dataformat:jackson-dataformat-cbor:2.15.3 (4 constraints: e8655c4f)
com.fasterxml.jackson.dataformat:jackson-dataformat-smile:2.15.3 (1 constraints: 811ca2a4)
com.fasterxml.jackson.dataformat:jackson-dataformat-yaml:2.15.3 (4 constraints: 26440d2d)
com.fasterxml.jackson.datatype:jackson-datatype-guava:2.15.3 (4 constraints: 3a3f96b2)
com.fasterxml.jackson.datatype:jackson-datatype-jdk8:2.15.3 (3 constraints: 7130de5f)
com.fasterxml.jackson.datatype:jackson-datatype-joda:2.15.3 (2 constraints: 352b50b0)
com.fasterxml.jackson.datatype:jackson-datatype-jsr310:2.15.3 (3 constraints: 7130de5f)
com.fasterxml.jackson.jaxrs:jackson-jaxrs-base:2.15.3 (2 constraints: df2e0e6a)
com.fasterxml.jackson.jaxrs:jackson-jaxrs-cbor-provider:2.15.3 (1 constraints: 43197fbb)
com.fasterxml.jackson.jaxrs:jackson-jaxrs-json-provider:2.15.3 (2 constraints: 271dbf09)
com.fasterxml.jackson.module:jackson-module-afterburner:2.15.3 (1 constraints: 9d1c9da6)
com.fasterxml.jackson.module:jackson-module-blackbird:2.15.3 (1 constraints: b50e635e)
com.fasterxml.jackson.module:jackson-module-jaxb-annotations:2.15.3 (2 constraints: df2e0e6a)
com.fasterxml.jackson.module:jackson-module-parameter-names:2.15.3 (1 constraints: b50e635e)
com.github.ben-manes.caffeine:caffeine:3.1.8 (13 constraints: 45ceb242)
com.github.jbellis:jamm:0.3.0 (1 constraints: 910f6588)
com.github.jnr:jffi:1.2.16 (1 constraints: 200ae4bc)
com.github.jnr:jnr-constants:0.9.9 (1 constraints: f60a26ce)
com.github.jnr:jnr-ffi:2.1.7 (2 constraints: ad1d9f5b)
com.github.jnr:jnr-posix:3.0.44 (1 constraints: f112ad35)
com.github.jnr:jnr-x86asm:1.0.2 (1 constraints: e909bfb2)
com.github.rholder:guava-retrying:2.0.0 (1 constraints: 0405f535)
com.github.tjake:crc32ex:0.1.1 (1 constraints: 900f6088)
com.google.auto.service:auto-service-annotations:1.0 (1 constraints: a5041a2c)
com.google.code.findbugs:findbugs-annotations:3.0.1 (1 constraints: 0605fb35)
com.google.code.findbugs:jsr305:3.0.2 (49 constraints: 9b1fe20c)
com.google.dagger:dagger:2.50 (3 constraints: 081f3dd8)
com.google.dagger:dagger-compiler:2.50 (1 constraints: db04fd30)
com.google.dagger:dagger-spi:2.50 (1 constraints: 1f0e6340)
com.google.devtools.ksp:symbol-processing-api:1.9.20-1.0.14 (3 constraints: 16269fb6)
com.google.errorprone:error_prone_annotations:2.23.0 (28 constraints: 10e19c96)
com.google.errorprone:javac-shaded:9-dev-r4023-3 (1 constraints: 151671fc)
com.google.googlejavaformat:google-java-format:1.5 (1 constraints: ee0d4132)
com.google.guava:failureaccess:1.0.2 (3 constraints: 94248a4a)
com.google.guava:guava:33.0.0-jre (49 constraints: 4a77012d)
com.google.guava:listenablefuture:9999.0-empty-to-avoid-conflict-with-guava (1 constraints: bd17c918)
com.google.j2objc:j2objc-annotations:2.8 (1 constraints: be09f5a0)
com.google.protobuf:protobuf-java:3.25.2 (1 constraints: 3e054a3b)
com.googlecode.concurrentlinkedhashmap:concurrentlinkedhashmap-lru:1.4 (1 constraints: 350f7769)
com.googlecode.json-simple:json-simple:1.1 (1 constraints: 320f7469)
com.helger:profiler:1.1.1 (1 constraints: e21053b8)
com.lmax:disruptor:3.4.2 (2 constraints: e9157edc)
com.netflix.feign:feign-core:8.18.0 (3 constraints: de3f76e0)
com.netflix.feign:feign-jackson:8.18.0 (1 constraints: c718909e)
com.ning:compress-lzf:0.8.4 (1 constraints: 9a0f7888)
com.oracle.database.jdbc:ojdbc11:21.5.0.0 (1 constraints: 98054146)
com.palantir.cassandra:cassandra-all:2.2.18-1.108.0 (1 constraints: c206ef6b)
com.palantir.cassandra:cassandra-thrift:2.2.18-1.108.0 (2 constraints: 0f180ff6)
com.palantir.common:streams:2.2.0 (1 constraints: 0605fb35)
com.palantir.config.crypto:encrypted-config-value:6.0.0 (2 constraints: 881c8eb8)
com.palantir.config.crypto:encrypted-config-value-module:6.0.0 (1 constraints: 08050936)
com.palantir.conjure.java:conjure-lib:8.6.0 (6 constraints: e66a55c4)
com.palantir.conjure.java:conjure-undertow-annotations:8.6.0 (1 constraints: 10052536)
com.palantir.conjure.java:conjure-undertow-lib:8.6.0 (2 constraints: 211cce81)
com.palantir.conjure.java.api:errors:2.47.0 (7 constraints: 0782e195)
com.palantir.conjure.java.api:service-config:2.47.0 (6 constraints: 3e66c1da)
com.palantir.conjure.java.api:ssl-config:2.47.0 (5 constraints: b94f1e2f)
com.palantir.conjure.java.runtime:client-config:8.4.0 (6 constraints: 826a2521)
com.palantir.conjure.java.runtime:conjure-java-annotations:8.4.0 (1 constraints: 9218c085)
com.palantir.conjure.java.runtime:conjure-java-jackson-optimizations:8.4.0 (2 constraints: 5f216243)
com.palantir.conjure.java.runtime:conjure-java-jackson-serialization:8.4.0 (6 constraints: 756d254a)
com.palantir.conjure.java.runtime:conjure-java-jaxrs-client:8.4.0 (1 constraints: 0e051f36)
com.palantir.conjure.java.runtime:conjure-java-jersey-server:8.4.0 (1 constraints: 0e051f36)
com.palantir.conjure.java.runtime:conjure-java-legacy-clients:8.4.0 (2 constraints: 9f1d7113)
com.palantir.conjure.java.runtime:keystores:8.4.0 (3 constraints: 8129abf7)
com.palantir.conjure.java.runtime:refresh-utils:8.4.0 (1 constraints: 9218c085)
com.palantir.dialogue:dialogue-apache-hc5-client:3.111.0 (2 constraints: d229ed4c)
com.palantir.dialogue:dialogue-blocking-channels:3.111.0 (2 constraints: 2b24e4f2)
com.palantir.dialogue:dialogue-clients:3.111.0 (1 constraints: 6805a440)
com.palantir.dialogue:dialogue-core:3.111.0 (3 constraints: fb3d9a7f)
com.palantir.dialogue:dialogue-futures:3.111.0 (3 constraints: 4934f440)
com.palantir.dialogue:dialogue-serde:3.111.0 (3 constraints: 392f9f10)
com.palantir.dialogue:dialogue-target:3.111.0 (7 constraints: aa770cd9)
com.palantir.goethe:goethe:0.12.0 (1 constraints: 3505293b)
com.palantir.nylon:nylon-threads:0.4.0 (2 constraints: 1115e1a9)
com.palantir.refreshable:refreshable:2.3.0 (3 constraints: 6c292ef3)
com.palantir.ri:resource-identifier:2.6.0 (5 constraints: 495ad805)
com.palantir.safe-logging:logger:3.7.0 (25 constraints: bdb25d12)
com.palantir.safe-logging:logger-slf4j:3.7.0 (1 constraints: 050e6842)
com.palantir.safe-logging:logger-spi:3.7.0 (2 constraints: 191ea27b)
com.palantir.safe-logging:preconditions:3.7.0 (35 constraints: c16492fd)
com.palantir.safe-logging:safe-logging:3.7.0 (35 constraints: 5e6e09e7)
com.palantir.safethreadlocalrandom:safe-thread-local-random:0.1.0 (3 constraints: 933225f9)
com.palantir.sls.versions:sls-versions:1.5.0 (1 constraints: 0805ff35)
com.palantir.tokens:auth-tokens:3.18.0 (7 constraints: 55876a3b)
com.palantir.tracing:tracing:6.18.0 (8 constraints: 037e0e66)
com.palantir.tracing:tracing-api:6.18.0 (5 constraints: 1e45f7f8)
com.palantir.tracing:tracing-jersey:6.18.0 (1 constraints: 47199dbb)
com.palantir.tritium:tritium-api:0.81.0 (6 constraints: 4a5222cc)
com.palantir.tritium:tritium-caffeine:0.81.0 (1 constraints: 3b05423b)
com.palantir.tritium:tritium-core:0.81.0 (5 constraints: 5843611b)
com.palantir.tritium:tritium-ids:0.81.0 (1 constraints: 3b05423b)
com.palantir.tritium:tritium-lib:0.81.0 (1 constraints: 3b05423b)
com.palantir.tritium:tritium-metrics:0.81.0 (7 constraints: f26b8ad9)
com.palantir.tritium:tritium-proxy:0.81.0 (1 constraints: 810e8259)
com.palantir.tritium:tritium-registry:0.81.0 (13 constraints: 7befa482)
com.palantir.tritium:tritium-slf4j:0.81.0 (2 constraints: bb135770)
com.palantir.tritium:tritium-time:0.81.0 (1 constraints: 810e8259)
com.palantir.tritium:tritium-tracing:0.81.0 (1 constraints: 810e8259)
com.squareup:javapoet:1.13.0 (4 constraints: 102cc1ed)
com.squareup:kotlinpoet:1.11.0 (1 constraints: 790e1a5d)
com.thinkaurelius.thrift:thrift-server:0.3.7 (1 constraints: 980f6c88)
com.zaxxer:HikariCP:5.1.0 (1 constraints: 08050736)
commons-cli:commons-cli:1.6.0 (3 constraints: 7c24e796)
commons-codec:commons-codec:1.16.1 (2 constraints: 6d147e85)
commons-dbutils:commons-dbutils:1.8.1 (1 constraints: 0c050936)
commons-io:commons-io:2.15.1 (2 constraints: 9e1a2817)
info.picocli:picocli:4.3.2 (1 constraints: 8c10e3b0)
io.airlift:airline:0.9 (1 constraints: ad04202c)
io.dropwizard:dropwizard-configuration:2.1.7 (3 constraints: e720a554)
io.dropwizard:dropwizard-core:2.1.7 (2 constraints: a413e655)
io.dropwizard:dropwizard-health:2.1.7 (1 constraints: 440d351f)
io.dropwizard:dropwizard-jackson:2.1.7 (10 constraints: c88a4823)
io.dropwizard:dropwizard-jersey:2.1.7 (4 constraints: f72e6db0)
io.dropwizard:dropwizard-jetty:2.1.7 (4 constraints: f72e6db0)
io.dropwizard:dropwizard-lifecycle:2.1.7 (5 constraints: 883dc485)
io.dropwizard:dropwizard-logging:2.1.7 (6 constraints: 944e29a3)
io.dropwizard:dropwizard-metrics:2.1.7 (1 constraints: 440d351f)
io.dropwizard:dropwizard-request-logging:2.1.7 (1 constraints: 440d351f)
io.dropwizard:dropwizard-servlets:2.1.7 (2 constraints: dc1b2390)
io.dropwizard:dropwizard-util:2.1.7 (12 constraints: aab0d126)
io.dropwizard:dropwizard-validation:2.1.7 (8 constraints: ad77d7bd)
io.dropwizard.logback:logback-throttling-appender:1.1.10 (1 constraints: ab0e7a5e)
io.dropwizard.metrics:metrics-annotation:4.2.19 (5 constraints: 094ca714)
io.dropwizard.metrics:metrics-core:4.2.25 (31 constraints: 5f120619)
io.dropwizard.metrics:metrics-healthchecks:4.2.19 (4 constraints: ac3b4754)
io.dropwizard.metrics:metrics-jersey2:4.2.19 (1 constraints: 630e7b4e)
io.dropwizard.metrics:metrics-jetty9:4.2.19 (2 constraints: 7a1bf385)
io.dropwizard.metrics:metrics-jmx:4.2.19 (1 constraints: 7a0db62c)
io.dropwizard.metrics:metrics-json:4.2.19 (1 constraints: 1f1184c9)
io.dropwizard.metrics:metrics-jvm:4.2.19 (3 constraints: 292e2650)
io.dropwizard.metrics:metrics-logback:4.2.19 (1 constraints: b80e995e)
io.dropwizard.metrics:metrics-servlets:4.2.19 (1 constraints: 7a0db62c)
io.leangen.geantyref:geantyref:1.3.13 (1 constraints: bb08bd94)
io.netty:netty-all:4.1.107.Final (1 constraints: e21188fd)
io.netty:netty-buffer:4.1.107.Final (14 constraints: b1dbdaa7)
io.netty:netty-codec:4.1.107.Final (7 constraints: 895f5446)
io.netty:netty-codec-dns:4.1.107.Final (2 constraints: 001aab2e)
io.netty:netty-codec-haproxy:4.1.107.Final (1 constraints: 2b0b24d9)
io.netty:netty-codec-http:4.1.107.Final (2 constraints: 691a734a)
io.netty:netty-codec-http2:4.1.107.Final (1 constraints: 2b0b24d9)
io.netty:netty-codec-memcache:4.1.107.Final (1 constraints: 2b0b24d9)
io.netty:netty-codec-mqtt:4.1.107.Final (1 constraints: 2b0b24d9)
io.netty:netty-codec-redis:4.1.107.Final (1 constraints: 2b0b24d9)
io.netty:netty-codec-smtp:4.1.107.Final (1 constraints: 2b0b24d9)
io.netty:netty-codec-socks:4.1.107.Final (2 constraints: 691a734a)
io.netty:netty-codec-stomp:4.1.107.Final (1 constraints: 2b0b24d9)
io.netty:netty-codec-xml:4.1.107.Final (1 constraints: 2b0b24d9)
io.netty:netty-common:4.1.107.Final (17 constraints: be09b6ba)
io.netty:netty-handler:4.1.107.Final (5 constraints: 6e448003)
io.netty:netty-handler-proxy:4.1.107.Final (2 constraints: b1126648)
io.netty:netty-handler-ssl-ocsp:4.1.107.Final (1 constraints: 2b0b24d9)
io.netty:netty-resolver:4.1.107.Final (4 constraints: ad34ed9d)
io.netty:netty-resolver-dns:4.1.107.Final (2 constraints: 5b1ff8e2)
io.netty:netty-resolver-dns-classes-macos:4.1.107.Final (2 constraints: f41ef7c0)
io.netty:netty-resolver-dns-native-macos:4.1.107.Final (1 constraints: 2b0b24d9)
io.netty:netty-transport:4.1.107.Final (14 constraints: 59d5e841)
io.netty:netty-transport-classes-epoll:4.1.107.Final (2 constraints: 061ed764)
io.netty:netty-transport-classes-kqueue:4.1.107.Final (2 constraints: 7a1e1887)
io.netty:netty-transport-native-epoll:4.1.107.Final (1 constraints: 2b0b24d9)
io.netty:netty-transport-native-kqueue:4.1.107.Final (1 constraints: 2b0b24d9)
io.netty:netty-transport-native-unix-common:4.1.107.Final (7 constraints: 4c790a82)
io.netty:netty-transport-rxtx:4.1.107.Final (1 constraints: 2b0b24d9)
io.netty:netty-transport-sctp:4.1.107.Final (1 constraints: 2b0b24d9)
io.netty:netty-transport-udt:4.1.107.Final (1 constraints: 2b0b24d9)
io.undertow:undertow-core:2.2.24.Final (3 constraints: 873676e0)
io.vavr:vavr:0.10.4 (1 constraints: 3705273b)
io.vavr:vavr-match:0.10.4 (1 constraints: 8b061d57)
it.unimi.dsi:fastutil:6.5.7 (1 constraints: 6d0e414b)
javax.activation:javax.activation-api:1.2.0 (3 constraints: 053284b7)
javax.annotation:javax.annotation-api:1.3.2 (7 constraints: 396987f4)
javax.inject:javax.inject:1 (13 constraints: 1ec288bd)
javax.servlet:javax.servlet-api:4.0.1 (9 constraints: f18f82e8)
javax.validation:validation-api:2.0.1.Final (15 constraints: 44e32647)
javax.ws.rs:javax.ws.rs-api:2.1.1 (16 constraints: e41a5143)
javax.xml.bind:jaxb-api:2.3.1 (3 constraints: d3418bed)
jline:jline:2.14.6 (1 constraints: f90f6890)
joda-time:joda-time:2.12.7 (6 constraints: b859fa31)
net.bytebuddy:byte-buddy:1.14.11 (4 constraints: 343102ce)
net.java.dev.jna:jna:4.1.0 (2 constraints: 6e1bbbad)
net.jpountz.lz4:lz4:1.3.0 (2 constraints: 971453a0)
net.ltgt.gradle.incap:incap:0.2 (1 constraints: ea0d3b32)
net.sf.supercsv:super-csv:2.1.0 (1 constraints: 910f6988)
net.sourceforge.argparse4j:argparse4j:0.9.0 (2 constraints: da1b0890)
one.util:streamex:0.8.2 (3 constraints: 282f0daf)
org.antlr:ST4:4.0.8 (1 constraints: 96073c6c)
org.antlr:antlr:3.5.2 (1 constraints: 980f7c88)
org.antlr:antlr-runtime:3.5.2 (3 constraints: 781d0aae)
org.apache.commons:commons-lang3:3.14.0 (8 constraints: ba735baf)
org.apache.commons:commons-math3:3.6.1 (2 constraints: f319372c)
org.apache.commons:commons-pool2:2.12.0 (1 constraints: 3705353b)
org.apache.commons:commons-text:1.11.0 (2 constraints: 6f165403)
org.apache.httpcomponents.client5:httpclient5:5.3.1 (2 constraints: d718f0c3)
org.apache.httpcomponents.core5:httpcore5:5.2.4 (3 constraints: 6639870e)
org.apache.httpcomponents.core5:httpcore5-h2:5.2.4 (1 constraints: 3f130d3c)
org.apache.thrift:libthrift:0.17.0 (4 constraints: 00372854)
org.caffinitas.ohc:ohc-core:0.3.4 (1 constraints: 950f6988)
org.checkerframework:checker-compat-qual:2.5.5 (1 constraints: 520eb34e)
org.checkerframework:checker-qual:3.41.0 (3 constraints: 7326ade3)
org.codehaus.groovy:groovy:2.5.14 (22 constraints: 7f43c7a8)
org.codehaus.groovy:groovy-cli-picocli:2.5.14 (5 constraints: d54e9017)
org.codehaus.groovy:groovy-console:2.5.14 (2 constraints: a71d7b2f)
org.codehaus.groovy:groovy-groovysh:2.5.14 (2 constraints: ed12fb43)
org.codehaus.groovy:groovy-json:2.5.14 (2 constraints: ed12fb43)
org.codehaus.groovy:groovy-swing:2.5.14 (2 constraints: 191dbb0d)
org.codehaus.groovy:groovy-templates:2.5.14 (5 constraints: 594e93c5)
org.codehaus.groovy:groovy-xml:2.5.14 (3 constraints: 702d10ee)
org.codehaus.jackson:jackson-core-asl:1.9.2 (2 constraints: 58207b33)
org.codehaus.jackson:jackson-mapper-asl:1.9.2 (1 constraints: 9a0f7e88)
org.derive4j:derive4j-annotation:1.1.1 (1 constraints: 0505f435)
org.eclipse.collections:eclipse-collections:11.1.0 (1 constraints: 35052f3b)
org.eclipse.collections:eclipse-collections-api:11.1.0 (2 constraints: 12187676)
org.eclipse.jdt.core.compiler:ecj:4.4.2 (1 constraints: 980f7e88)
org.eclipse.jetty:jetty-continuation:9.4.51.v20230217 (1 constraints: d810eef7)
org.eclipse.jetty:jetty-http:9.4.51.v20230217 (5 constraints: 7257f166)
org.eclipse.jetty:jetty-io:9.4.51.v20230217 (7 constraints: 0c74a97f)
org.eclipse.jetty:jetty-security:9.4.51.v20230217 (3 constraints: 4e30e6e6)
org.eclipse.jetty:jetty-server:9.4.51.v20230217 (8 constraints: 698ac29a)
org.eclipse.jetty:jetty-servlet:9.4.51.v20230217 (2 constraints: ea1fe9a8)
org.eclipse.jetty:jetty-servlets:9.4.51.v20230217 (1 constraints: 391071d7)
org.eclipse.jetty:jetty-util:9.4.51.v20230217 (11 constraints: 96b8009a)
org.eclipse.jetty:jetty-util-ajax:9.4.51.v20230217 (1 constraints: 651029e2)
org.eclipse.jetty.toolchain.setuid:jetty-setuid-java:1.0.4 (1 constraints: 3f0d2a1f)
org.fusesource:sigar:1.6.4 (1 constraints: 990f7788)
org.glassfish:jakarta.el:3.0.4 (2 constraints: f72576aa)
org.glassfish.hk2:hk2-api:2.6.1 (2 constraints: 991afc66)
org.glassfish.hk2:hk2-locator:2.6.1 (1 constraints: 4410e0ad)
org.glassfish.hk2:hk2-utils:2.6.1 (2 constraints: 21173277)
org.glassfish.hk2:osgi-resource-locator:1.0.3 (2 constraints: 7d23b265)
org.glassfish.hk2.external:aopalliance-repackaged:2.6.1 (2 constraints: 21173277)
org.glassfish.jersey.containers:jersey-container-servlet:2.39.1 (1 constraints: 620e864e)
org.glassfish.jersey.containers:jersey-container-servlet-core:2.39.1 (4 constraints: 944fd6ee)
org.glassfish.jersey.core:jersey-client:2.40 (6 constraints: 3a789416)
org.glassfish.jersey.core:jersey-common:2.40 (14 constraints: b3ffe361)
org.glassfish.jersey.core:jersey-server:2.40 (10 constraints: dfd9b625)
org.glassfish.jersey.ext:jersey-bean-validation:2.40 (2 constraints: 58262380)
org.glassfish.jersey.ext:jersey-metainf-services:2.39.1 (1 constraints: 620e864e)
org.glassfish.jersey.inject:jersey-hk2:2.40 (2 constraints: 4127a6d3)
org.hdrhistogram:HdrHistogram:2.1.12 (1 constraints: 3e103aa2)
org.hibernate:hibernate-validator:4.3.0.Final (2 constraints: ee248003)
org.hibernate.validator:hibernate-validator:6.2.5.Final (4 constraints: a247cccf)
org.immutables:value:2.10.0 (2 constraints: ec1ac94e)
org.javassist:javassist:3.29.2-GA (3 constraints: bc2d96ae)
org.jboss.logging:jboss-logging:3.4.1.Final (5 constraints: 39550e65)
org.jboss.marshalling:jboss-marshalling:2.1.3.Final (1 constraints: 2007b95a)
org.jboss.threads:jboss-threads:3.5.1.Final (4 constraints: d731dfbb)
org.jboss.xnio:xnio-api:3.8.7.Final (3 constraints: a4334e90)
org.jboss.xnio:xnio-nio:3.8.7.Final (1 constraints: c80dcb30)
org.jdbi:jdbi3-core:3.30.0 (2 constraints: 0e10d5bf)
org.jdbi:jdbi3-sqlobject:3.30.0 (1 constraints: 38053d3b)
org.jetbrains:annotations:24.1.0 (4 constraints: 10351039)
org.jetbrains.kotlin:kotlin-reflect:1.6.10 (1 constraints: 360b7dd6)
org.jetbrains.kotlin:kotlin-stdlib:1.9.20 (4 constraints: 843fae69)
org.jetbrains.kotlin:kotlin-stdlib-jdk7:1.9.0 (1 constraints: b1101cc2)
org.jetbrains.kotlin:kotlin-stdlib-jdk8:1.9.0 (2 constraints: 7c1ee58d)
org.jvnet:animal-sniffer-annotation:1.0 (1 constraints: f20b95eb)
org.mindrot:jbcrypt:0.4 (2 constraints: 4714f171)
org.mpierce.metrics.reservoir:hdrhistogram-metrics-reservoir:1.1.3 (1 constraints: 0d10f991)
org.ow2.asm:asm:7.1 (3 constraints: fb19836d)
org.ow2.asm:asm-analysis:5.0.3 (1 constraints: ee09d4b2)
org.ow2.asm:asm-commons:5.0.3 (1 constraints: ee09d4b2)
org.ow2.asm:asm-tree:5.0.3 (4 constraints: d8272223)
org.ow2.asm:asm-util:5.0.3 (1 constraints: ee09d4b2)
org.postgresql:postgresql:42.4.3 (1 constraints: 3f05523b)
org.slf4j:jcl-over-slf4j:1.7.36 (3 constraints: 492febed)
org.slf4j:jul-to-slf4j:1.7.36 (1 constraints: b90e9c5e)
org.slf4j:log4j-over-slf4j:1.7.36 (3 constraints: 492febed)
org.slf4j:slf4j-api:1.7.36 (44 constraints: 8780bb75)
org.wildfly.client:wildfly-client-config:1.0.1.Final (1 constraints: 940c6308)
org.wildfly.common:wildfly-common:1.7.0.Final (4 constraints: 4139023e)
org.xerial:sqlite-jdbc:3.42.0.0 (1 constraints: 99054946)
org.xerial.snappy:snappy-java:1.1.10.4 (2 constraints: 8c15d6f4)
org.yaml:snakeyaml:2.2 (5 constraints: a34b35fe)

[Test dependencies]
com.beust:jcommander:1.72 (1 constraints: 4e08137a)
com.ea.agentloader:ea-agent-loader:1.0.3 (1 constraints: 0605f335)
com.github.tomakehurst:wiremock-standalone:3.0.1 (1 constraints: 0605fb35)
com.github.zafarkhaja:java-semver:0.9.0 (1 constraints: c315c0d2)
com.google.code.findbugs:annotations:3.0.1 (1 constraints: 9e0aafc3)
com.palantir.conjure.java.api:test-utils:2.47.0 (1 constraints: 3f05503b)
com.palantir.docker.compose:docker-compose-junit-jupiter:1.9.0 (2 constraints: 321b7b44)
com.palantir.docker.compose:docker-compose-rule-core:1.9.0 (3 constraints: f530bf8f)
com.palantir.docker.compose:docker-compose-rule-events-api-objects:1.9.0 (1 constraints: c415c5d2)
com.palantir.docker.proxy:docker-proxy-junit-jupiter:1.6.0 (1 constraints: 09050236)
com.palantir.docker.proxy:docker-proxy-rule-core:1.6.0 (1 constraints: 2516adda)
com.palantir.safe-logging:preconditions-assertj:3.7.0 (1 constraints: 0c050f36)
com.palantir.tracing:tracing-test-utils:6.18.0 (1 constraints: 41055f3b)
com.spotify.dataenum:dataenum:1.4.1 (1 constraints: e9105ac1)
com.thoughtworks.qdox:qdox:1.12.1 (1 constraints: 6d11f7d9)
io.dropwizard:dropwizard-testing:2.1.7 (1 constraints: 0c05ff35)
net.bytebuddy:byte-buddy-agent:1.14.11 (1 constraints: 720bb1e9)
net.jcip:jcip-annotations:1.0 (2 constraints: fa13a659)
net.sf.jopt-simple:jopt-simple:5.0.4 (1 constraints: be0ad6cc)
org.apache-extras.beanshell:bsh:2.0b6 (1 constraints: ac07626b)
org.apache.ant:ant:1.9.15 (2 constraints: b21830c3)
org.apache.ant:ant-antlr:1.9.15 (1 constraints: be0d9c37)
org.apache.ant:ant-junit:1.9.15 (1 constraints: be0d9c37)
org.apache.ant:ant-launcher:1.9.15 (2 constraints: 5b16041e)
org.apiguardian:apiguardian-api:1.1.2 (9 constraints: d7a0ccd2)
org.assertj:assertj-core:3.25.3 (4 constraints: ab36ef6d)
org.assertj:assertj-guava:3.25.3 (1 constraints: 3f054b3b)
org.awaitility:awaitility:4.2.0 (2 constraints: c71a893b)
org.clojure:clojure:1.8.0 (1 constraints: 0b050836)
org.codehaus.groovy:groovy-all:2.5.14 (1 constraints: 7707a56a)
org.codehaus.groovy:groovy-ant:2.5.14 (1 constraints: b00d2137)
org.codehaus.groovy:groovy-cli-commons:2.5.14 (1 constraints: b00d2137)
org.codehaus.groovy:groovy-datetime:2.5.14 (1 constraints: b00d2137)
org.codehaus.groovy:groovy-docgenerator:2.5.14 (2 constraints: 021e214f)
org.codehaus.groovy:groovy-groovydoc:2.5.14 (2 constraints: 691b2892)
org.codehaus.groovy:groovy-jmx:2.5.14 (1 constraints: b00d2137)
org.codehaus.groovy:groovy-jsr223:2.5.14 (1 constraints: b00d2137)
org.codehaus.groovy:groovy-macro:2.5.14 (1 constraints: b00d2137)
org.codehaus.groovy:groovy-nio:2.5.14 (1 constraints: b00d2137)
org.codehaus.groovy:groovy-servlet:2.5.14 (1 constraints: b00d2137)
org.codehaus.groovy:groovy-sql:2.5.14 (1 constraints: b00d2137)
org.codehaus.groovy:groovy-test-junit5:2.5.14 (1 constraints: b00d2137)
org.codehaus.groovy:groovy-testng:2.5.14 (1 constraints: b00d2137)
org.freemarker:freemarker:2.3.32 (1 constraints: 3c053d3b)
org.glassfish.grizzly:connection-pool:2.4.4 (1 constraints: 1418374b)
org.glassfish.grizzly:grizzly-framework:2.4.4 (3 constraints: bc31e6d7)
org.glassfish.grizzly:grizzly-http:2.4.4 (1 constraints: e11123e3)
org.glassfish.grizzly:grizzly-http-client:1.16 (1 constraints: e4172133)
org.glassfish.grizzly:grizzly-websockets:2.4.4 (1 constraints: 1418374b)
org.glassfish.jersey.connectors:jersey-grizzly-connector:2.39.1 (1 constraints: ce0ef65f)
org.glassfish.jersey.media:jersey-media-jaxb:2.39.1 (1 constraints: 441ab3fe)
org.glassfish.jersey.test-framework:jersey-test-framework-core:2.39.1 (2 constraints: 7c326de0)
org.glassfish.jersey.test-framework.providers:jersey-test-framework-provider-inmemory:2.39.1 (1 constraints: ce0ef65f)
org.gmock:gmock:0.8.3 (1 constraints: 0d050636)
org.hamcrest:hamcrest:2.2 (6 constraints: 1070638c)
org.hamcrest:hamcrest-core:2.1 (1 constraints: bd0cc6ff)
org.hamcrest:hamcrest-library:2.1 (1 constraints: 1507415c)
org.jmock:jmock:2.12.0 (2 constraints: ee109adc)
org.jmock:jmock-imposters:2.12.0 (1 constraints: 3705353b)
org.jmock:jmock-testjar:2.12.0 (1 constraints: a507a272)
org.junit.jupiter:junit-jupiter:5.10.2 (3 constraints: cb42b2ef)
org.junit.jupiter:junit-jupiter-api:5.10.2 (7 constraints: 3b6cd670)
org.junit.jupiter:junit-jupiter-engine:5.10.2 (2 constraints: c61ef0a3)
org.junit.jupiter:junit-jupiter-params:5.10.2 (1 constraints: 350eff49)
org.junit.platform:junit-platform-commons:1.10.2 (4 constraints: 163977c8)
org.junit.platform:junit-platform-engine:1.10.2 (4 constraints: a94b8d3c)
org.junit.platform:junit-platform-launcher:1.10.2 (2 constraints: 0225c3e3)
org.junit.platform:junit-platform-suite:1.10.2 (1 constraints: 36052b3b)
org.junit.platform:junit-platform-suite-api:1.10.2 (3 constraints: ae3958e0)
org.junit.platform:junit-platform-suite-commons:1.10.2 (1 constraints: ef139d69)
org.junit.platform:junit-platform-suite-engine:1.10.2 (1 constraints: 4c11d2d8)
org.mockito:mockito-core:5.10.0 (3 constraints: 7125fc52)
org.mockito:mockito-junit-jupiter:5.10.0 (1 constraints: 3805413b)
org.objenesis:objenesis:3.3 (2 constraints: 3816b401)
org.openjdk.jmh:jmh-core:1.37 (2 constraints: f71557d9)
org.openjdk.jmh:jmh-generator-annprocess:1.37 (1 constraints: df04fc30)
org.opentest4j:opentest4j:1.3.0 (2 constraints: cf209249)
org.reflections:reflections:0.10.2 (1 constraints: 3505253b)
org.rocksdb:rocksdbjni:8.10.0 (1 constraints: 3b05533b)
org.testng:testng:6.13.1 (1 constraints: 0b0f686b)
org.wiremock:wiremock-standalone:3.0.1 (1 constraints: 62128804)
uk.org.lidalia:lidalia-lang:1.0.0 (1 constraints: f70a87d5)
uk.org.lidalia:lidalia-slf4j-ext:1.0.0 (1 constraints: f70a87d5)
uk.org.lidalia:slf4j-test:1.1.0 (1 constraints: 0405f335)
