# Run ./gradlew --write-locks to regenerate this file
ch.qos.logback:logback-access:1.2.12 (1 constraints: e4112af4)
ch.qos.logback:logback-classic:1.2.12 (8 constraints: 3971367b)
ch.qos.logback:logback-core:1.2.12 (7 constraints: c45f4f63)
com.addthis.metrics:reporter-config-base:3.0.0 (1 constraints: 910fc888)
com.addthis.metrics:reporter-config3:3.0.0 (1 constraints: 910f6b88)
com.boundary:high-scale-lib:1.0.6 (2 constraints: 9d14d4a0)
com.clearspring.analytics:stream:2.5.2 (1 constraints: 970f7788)
com.datastax.cassandra:cassandra-driver-core:3.8.0 (1 constraints: 0d051236)
com.fasterxml:classmate:1.5.1 (3 constraints: 8530e55a)
com.fasterxml.jackson.core:jackson-annotations:2.15.2 (25 constraints: fb91406a)
com.fasterxml.jackson.core:jackson-core:2.15.2 (23 constraints: edc5124f)
com.fasterxml.jackson.core:jackson-databind:2.15.2 (37 constraints: 21bac61b)
com.fasterxml.jackson.dataformat:jackson-dataformat-cbor:2.15.2 (2 constraints: e4333401)
com.fasterxml.jackson.dataformat:jackson-dataformat-smile:2.15.2 (1 constraints: 801ca1a4)
com.fasterxml.jackson.dataformat:jackson-dataformat-yaml:2.15.2 (4 constraints: 23447a2b)
com.fasterxml.jackson.datatype:jackson-datatype-guava:2.15.2 (4 constraints: 383f9eb1)
com.fasterxml.jackson.datatype:jackson-datatype-jdk8:2.15.2 (3 constraints: 6f303a5f)
com.fasterxml.jackson.datatype:jackson-datatype-joda:2.15.2 (2 constraints: 342b25b0)
com.fasterxml.jackson.datatype:jackson-datatype-jsr310:2.15.2 (3 constraints: 6f303a5f)
com.fasterxml.jackson.jaxrs:jackson-jaxrs-base:2.15.2 (2 constraints: dd2ecb69)
com.fasterxml.jackson.jaxrs:jackson-jaxrs-cbor-provider:2.15.2 (1 constraints: 42197ebb)
com.fasterxml.jackson.jaxrs:jackson-jaxrs-json-provider:2.15.2 (2 constraints: 271dbf09)
com.fasterxml.jackson.module:jackson-module-afterburner:2.15.2 (1 constraints: 9c1c9ca6)
com.fasterxml.jackson.module:jackson-module-blackbird:2.15.2 (1 constraints: b50e635e)
com.fasterxml.jackson.module:jackson-module-jaxb-annotations:2.15.2 (2 constraints: dd2ecb69)
com.fasterxml.jackson.module:jackson-module-parameter-names:2.15.2 (1 constraints: b50e635e)
com.github.ben-manes.caffeine:caffeine:3.1.8 (13 constraints: 3fce6e38)
com.github.jbellis:jamm:0.3.0 (1 constraints: 910f6588)
com.github.jnr:jffi:1.2.16 (1 constraints: 200ae4bc)
com.github.jnr:jnr-constants:0.9.9 (1 constraints: f60a26ce)
com.github.jnr:jnr-ffi:2.1.7 (2 constraints: ad1d9f5b)
com.github.jnr:jnr-posix:3.0.44 (1 constraints: f112ad35)
com.github.jnr:jnr-x86asm:1.0.2 (1 constraints: e909bfb2)
com.github.rholder:guava-retrying:2.0.0 (1 constraints: 0405f535)
com.github.tjake:crc32ex:0.1.1 (1 constraints: 900f6088)
com.github.zafarkhaja:java-semver:0.9.0 (1 constraints: c315c0d2)
com.google.auto:auto-common:1.2.2 (2 constraints: 44146d75)
com.google.auto.service:auto-service:1.0.1 (1 constraints: 0405f135)
com.google.auto.service:auto-service-annotations:1.0.1 (2 constraints: 3f146483)
com.google.code.findbugs:findbugs-annotations:3.0.1 (1 constraints: 0605fb35)
com.google.code.findbugs:jsr305:3.0.2 (45 constraints: e0b71038)
com.google.dagger:dagger:2.48 (4 constraints: be2d365b)
com.google.dagger:dagger-compiler:2.48 (1 constraints: e2040331)
com.google.dagger:dagger-producers:2.48 (2 constraints: 3c1aa732)
com.google.dagger:dagger-spi:2.48 (1 constraints: 260e6940)
com.google.devtools.ksp:symbol-processing-api:1.9.0-1.0.12 (3 constraints: ae251e6f)
com.google.errorprone:error_prone_annotations:2.10.0 (26 constraints: 23b5f106)
com.google.errorprone:javac-shaded:9-dev-r4023-3 (1 constraints: 151671fc)
com.google.googlejavaformat:google-java-format:1.5 (1 constraints: ee0d4132)
com.google.guava:failureaccess:1.0.1 (4 constraints: 563320fd)
com.google.guava:guava:32.1.2-jre (50 constraints: 4b6c809b)
com.google.guava:listenablefuture:9999.0-empty-to-avoid-conflict-with-guava (1 constraints: bd17c918)
com.google.j2objc:j2objc-annotations:2.8 (1 constraints: be09f5a0)
com.google.protobuf:protobuf-java:3.24.3 (1 constraints: 3e05483b)
com.googlecode.concurrentlinkedhashmap:concurrentlinkedhashmap-lru:1.4 (1 constraints: 350f7769)
com.googlecode.json-simple:json-simple:1.1 (1 constraints: 320f7469)
com.googlecode.protobuf-java-format:protobuf-java-format:1.4 (1 constraints: a9041e2c)
com.helger:profiler:1.1.1 (1 constraints: e21053b8)
com.lmax:disruptor:3.4.2 (2 constraints: e9157edc)
com.netflix.feign:feign-core:8.18.0 (3 constraints: de3f76e0)
com.netflix.feign:feign-jackson:8.18.0 (1 constraints: c718909e)
com.ning:compress-lzf:0.8.4 (1 constraints: 9a0f7888)
com.oracle.database.jdbc:ojdbc11:21.5.0.0 (1 constraints: 98054146)
com.palantir.cassandra:cassandra-all:2.2.18-1.108.0 (1 constraints: c206ef6b)
com.palantir.cassandra:cassandra-thrift:2.2.18-1.108.0 (2 constraints: 0f180ff6)
com.palantir.common:streams:2.2.0 (1 constraints: 0605fb35)
com.palantir.config.crypto:encrypted-config-value:5.2.0 (2 constraints: 8a1cd1b8)
com.palantir.config.crypto:encrypted-config-value-module:5.2.0 (1 constraints: 09050a36)
com.palantir.conjure.java:conjure-lib:7.19.0 (6 constraints: e16b5f53)
com.palantir.conjure.java:conjure-undertow-annotations:7.19.0 (1 constraints: 4305683b)
com.palantir.conjure.java:conjure-undertow-lib:7.19.0 (2 constraints: 871c25b0)
com.palantir.conjure.java.api:errors:2.35.0 (6 constraints: 3f696c6f)
com.palantir.conjure.java.api:service-config:2.35.0 (5 constraints: 734d2ec9)
com.palantir.conjure.java.api:ssl-config:2.35.0 (4 constraints: 953bc36c)
com.palantir.conjure.java.runtime:client-config:7.60.0 (6 constraints: a86b2026)
com.palantir.conjure.java.runtime:conjure-java-annotations:7.60.0 (1 constraints: c318869e)
com.palantir.conjure.java.runtime:conjure-java-jackson-optimizations:7.60.0 (2 constraints: c1212579)
com.palantir.conjure.java.runtime:conjure-java-jackson-serialization:7.60.0 (6 constraints: 396e2382)
com.palantir.conjure.java.runtime:conjure-java-jaxrs-client:7.60.0 (1 constraints: 3f05613b)
com.palantir.conjure.java.runtime:conjure-java-jersey-server:7.60.0 (1 constraints: 3f05613b)
com.palantir.conjure.java.runtime:conjure-java-legacy-clients:7.60.0 (1 constraints: c318869e)
com.palantir.conjure.java.runtime:keystores:7.60.0 (3 constraints: 142a295d)
com.palantir.conjure.java.runtime:refresh-utils:7.60.0 (2 constraints: 011ebb43)
com.palantir.dialogue:dialogue-apache-hc5-client:3.91.0 (2 constraints: 8129ea02)
com.palantir.dialogue:dialogue-blocking-channels:3.91.0 (2 constraints: d92369b3)
com.palantir.dialogue:dialogue-clients:3.91.0 (1 constraints: 3f05583b)
com.palantir.dialogue:dialogue-core:3.91.0 (3 constraints: 813da0e3)
com.palantir.dialogue:dialogue-futures:3.91.0 (3 constraints: ce3306be)
com.palantir.dialogue:dialogue-serde:3.91.0 (3 constraints: bf2eb6a3)
com.palantir.dialogue:dialogue-target:3.91.0 (7 constraints: 8c76645d)
com.palantir.docker.compose:docker-compose-rule-core:1.8.0 (3 constraints: dc2f1711)
com.palantir.docker.compose:docker-compose-rule-events-api-objects:1.8.0 (1 constraints: c315c2d2)
com.palantir.docker.compose:docker-compose-rule-junit4:1.8.0 (2 constraints: 1a1a3b07)
com.palantir.docker.proxy:docker-proxy-rule-core:1.6.0 (2 constraints: 161ab906)
com.palantir.docker.proxy:docker-proxy-rule-junit4:1.6.0 (1 constraints: 09050236)
com.palantir.goethe:goethe:0.11.0 (1 constraints: 3405263b)
com.palantir.nylon:nylon-threads:0.3.0 (1 constraints: 0505f435)
com.palantir.refreshable:refreshable:2.3.0 (3 constraints: 6b29fcf2)
com.palantir.ri:resource-identifier:2.6.0 (5 constraints: 495ad805)
com.palantir.safe-logging:logger:3.6.0 (25 constraints: dfb2f057)
com.palantir.safe-logging:logger-slf4j:3.6.0 (1 constraints: 040e6542)
com.palantir.safe-logging:logger-spi:3.6.0 (2 constraints: 171e6d7b)
com.palantir.safe-logging:preconditions:3.6.0 (34 constraints: f150ce30)
com.palantir.safe-logging:safe-logging:3.6.0 (31 constraints: 9e0d9af1)
com.palantir.safethreadlocalrandom:safe-thread-local-random:0.1.0 (3 constraints: 933225f9)
com.palantir.sls.versions:sls-versions:1.5.0 (1 constraints: 0805ff35)
com.palantir.tokens:auth-tokens:3.18.0 (7 constraints: 5487c43a)
com.palantir.tracing:tracing:6.18.0 (8 constraints: 037e0e66)
com.palantir.tracing:tracing-api:6.18.0 (5 constraints: 1e45f7f8)
com.palantir.tracing:tracing-jersey:6.18.0 (1 constraints: 47199dbb)
com.palantir.tritium:tritium-api:0.76.0 (6 constraints: 6252e0d6)
com.palantir.tritium:tritium-caffeine:0.76.0 (1 constraints: 3f054d3b)
com.palantir.tritium:tritium-core:0.76.0 (5 constraints: 6c43a022)
com.palantir.tritium:tritium-ids:0.76.0 (1 constraints: 3f054d3b)
com.palantir.tritium:tritium-lib:0.76.0 (1 constraints: 3f054d3b)
com.palantir.tritium:tritium-metrics:0.76.0 (7 constraints: 066c0be4)
com.palantir.tritium:tritium-proxy:0.76.0 (1 constraints: 850e8d59)
com.palantir.tritium:tritium-registry:0.76.0 (13 constraints: 95ef5598)
com.palantir.tritium:tritium-slf4j:0.76.0 (2 constraints: c3131571)
com.palantir.tritium:tritium-time:0.76.0 (1 constraints: 850e8d59)
com.palantir.tritium:tritium-tracing:0.76.0 (1 constraints: 850e8d59)
com.squareup:javapoet:1.13.0 (4 constraints: 102cc1ed)
com.squareup:kotlinpoet:1.11.0 (1 constraints: 790e1a5d)
com.thinkaurelius.thrift:thrift-server:0.3.7 (1 constraints: 980f6c88)
com.zaxxer:HikariCP:5.0.1 (1 constraints: 08050536)
commons-cli:commons-cli:1.5.0 (3 constraints: 7b248c96)
commons-codec:commons-codec:1.16.0 (2 constraints: 6c145285)
commons-dbutils:commons-dbutils:1.8.0 (1 constraints: 0b050836)
commons-io:commons-io:2.13.0 (2 constraints: 9b1a7016)
info.picocli:picocli:4.3.2 (1 constraints: 8c10e3b0)
io.airlift:airline:0.9 (1 constraints: ad04202c)
io.dropwizard:dropwizard-configuration:2.1.7 (3 constraints: e720a554)
io.dropwizard:dropwizard-core:2.1.7 (3 constraints: 30211074)
io.dropwizard:dropwizard-health:2.1.7 (1 constraints: 440d351f)
io.dropwizard:dropwizard-http2:2.1.7 (1 constraints: 0c05ff35)
io.dropwizard:dropwizard-jackson:2.1.7 (10 constraints: c88a4823)
io.dropwizard:dropwizard-jersey:2.1.7 (5 constraints: 833c78f8)
io.dropwizard:dropwizard-jetty:2.1.7 (5 constraints: 833c78f8)
io.dropwizard:dropwizard-lifecycle:2.1.7 (5 constraints: 883dc485)
io.dropwizard:dropwizard-logging:2.1.7 (7 constraints: 205c0f8d)
io.dropwizard:dropwizard-metrics:2.1.7 (1 constraints: 440d351f)
io.dropwizard:dropwizard-request-logging:2.1.7 (2 constraints: 4f12e514)
io.dropwizard:dropwizard-servlets:2.1.7 (2 constraints: dc1b2390)
io.dropwizard:dropwizard-util:2.1.7 (12 constraints: aab0d126)
io.dropwizard:dropwizard-validation:2.1.7 (8 constraints: ad77d7bd)
io.dropwizard.logback:logback-throttling-appender:1.1.10 (1 constraints: ab0e7a5e)
io.dropwizard.metrics:metrics-annotation:4.2.19 (5 constraints: 094ca714)
io.dropwizard.metrics:metrics-core:4.2.19 (29 constraints: 78d1414c)
io.dropwizard.metrics:metrics-healthchecks:4.2.19 (5 constraints: 6e4988bc)
io.dropwizard.metrics:metrics-jersey2:4.2.19 (1 constraints: 630e7b4e)
io.dropwizard.metrics:metrics-jetty9:4.2.19 (3 constraints: 3c292403)
io.dropwizard.metrics:metrics-jmx:4.2.19 (1 constraints: 7a0db62c)
io.dropwizard.metrics:metrics-json:4.2.19 (1 constraints: 1f1184c9)
io.dropwizard.metrics:metrics-jvm:4.2.19 (3 constraints: 292e2650)
io.dropwizard.metrics:metrics-logback:4.2.19 (1 constraints: b80e995e)
io.dropwizard.metrics:metrics-servlets:4.2.19 (1 constraints: 7a0db62c)
io.leangen.geantyref:geantyref:1.3.13 (1 constraints: bb08bd94)
io.netty:netty-all:4.1.96.Final (1 constraints: e21188fd)
io.netty:netty-buffer:4.1.96.Final (14 constraints: 73d9731a)
io.netty:netty-codec:4.1.96.Final (7 constraints: 6a5ea751)
io.netty:netty-codec-dns:4.1.96.Final (2 constraints: ae190d05)
io.netty:netty-codec-haproxy:4.1.96.Final (1 constraints: 020b31cf)
io.netty:netty-codec-http:4.1.96.Final (2 constraints: 171a4320)
io.netty:netty-codec-http2:4.1.96.Final (1 constraints: 020b31cf)
io.netty:netty-codec-memcache:4.1.96.Final (1 constraints: 020b31cf)
io.netty:netty-codec-mqtt:4.1.96.Final (1 constraints: 020b31cf)
io.netty:netty-codec-redis:4.1.96.Final (1 constraints: 020b31cf)
io.netty:netty-codec-smtp:4.1.96.Final (1 constraints: 020b31cf)
io.netty:netty-codec-socks:4.1.96.Final (2 constraints: 171a4320)
io.netty:netty-codec-stomp:4.1.96.Final (1 constraints: 020b31cf)
io.netty:netty-codec-xml:4.1.96.Final (1 constraints: 020b31cf)
io.netty:netty-common:4.1.96.Final (17 constraints: 05071332)
io.netty:netty-handler:4.1.96.Final (5 constraints: ca432d2e)
io.netty:netty-handler-proxy:4.1.96.Final (2 constraints: 5f122c2b)
io.netty:netty-handler-ssl-ocsp:4.1.96.Final (1 constraints: 020b31cf)
io.netty:netty-resolver:4.1.96.Final (4 constraints: 093409fd)
io.netty:netty-resolver-dns:4.1.96.Final (2 constraints: 091fc1b1)
io.netty:netty-resolver-dns-classes-macos:4.1.96.Final (2 constraints: a21e5090)
io.netty:netty-resolver-dns-native-macos:4.1.96.Final (1 constraints: 020b31cf)
io.netty:netty-transport:4.1.96.Final (14 constraints: 1bd32a0a)
io.netty:netty-transport-classes-epoll:4.1.96.Final (2 constraints: b41d9935)
io.netty:netty-transport-classes-kqueue:4.1.96.Final (2 constraints: 281e3d57)
io.netty:netty-transport-native-epoll:4.1.96.Final (1 constraints: 020b31cf)
io.netty:netty-transport-native-kqueue:4.1.96.Final (1 constraints: 020b31cf)
io.netty:netty-transport-native-unix-common:4.1.96.Final (7 constraints: 2d787315)
io.netty:netty-transport-rxtx:4.1.96.Final (1 constraints: 020b31cf)
io.netty:netty-transport-sctp:4.1.96.Final (1 constraints: 020b31cf)
io.netty:netty-transport-udt:4.1.96.Final (1 constraints: 020b31cf)
io.undertow:undertow-core:2.2.24.Final (3 constraints: 873676e0)
io.vavr:vavr:0.10.4 (1 constraints: 3705273b)
io.vavr:vavr-match:0.10.4 (1 constraints: 8b061d57)
it.unimi.dsi:fastutil:6.5.7 (1 constraints: 6d0e414b)
jakarta.activation:jakarta.activation-api:1.2.2 (3 constraints: 4e3741b6)
jakarta.annotation:jakarta.annotation-api:1.3.5 (7 constraints: 396987f4)
jakarta.inject:jakarta.inject-api:1.0.5 (13 constraints: decbc9f9)
jakarta.servlet:jakarta.servlet-api:4.0.4 (10 constraints: 7b9def70)
jakarta.validation:jakarta.validation-api:2.0.2 (16 constraints: b3ee38f8)
jakarta.ws.rs:jakarta.ws.rs-api:2.1.6 (17 constraints: 6f283f6d)
jakarta.xml.bind:jakarta.xml.bind-api:2.3.3 (4 constraints: dc4625b3)
jline:jline:2.14.6 (1 constraints: f90f6890)
joda-time:joda-time:2.12.5 (6 constraints: b6591630)
junit:junit:4.13.2 (7 constraints: 246fdbc7)
net.bytebuddy:byte-buddy:1.14.7 (3 constraints: 4425f292)
net.bytebuddy:byte-buddy-agent:1.14.4 (1 constraints: 440b42de)
net.java.dev.jna:jna:4.1.0 (2 constraints: 6e1bbbad)
net.jpountz.lz4:lz4:1.3.0 (2 constraints: 971453a0)
net.ltgt.gradle.incap:incap:0.2 (1 constraints: ea0d3b32)
net.sf.jopt-simple:jopt-simple:5.0.4 (1 constraints: be0ad6cc)
net.sf.supercsv:super-csv:2.1.0 (1 constraints: 910f6988)
net.sourceforge.argparse4j:argparse4j:0.9.0 (2 constraints: da1b0890)
one.util:streamex:0.8.2 (3 constraints: 282f0daf)
org.antlr:ST4:4.0.8 (1 constraints: 96073c6c)
org.antlr:antlr:3.5.2 (1 constraints: 980f7c88)
org.antlr:antlr-runtime:3.5.2 (3 constraints: 781d0aae)
org.apache.commons:commons-lang3:3.13.0 (8 constraints: b873faad)
org.apache.commons:commons-math3:3.6.1 (2 constraints: f319372c)
org.apache.commons:commons-pool2:2.11.1 (1 constraints: 3705333b)
org.apache.commons:commons-text:1.10.0 (2 constraints: 6e162103)
org.apache.httpcomponents.client5:httpclient5:5.2.1 (2 constraints: d518b1c3)
org.apache.httpcomponents.core5:httpcore5:5.2.2 (3 constraints: a038a439)
org.apache.httpcomponents.core5:httpcore5-h2:5.2 (1 constraints: dd12c315)
org.apache.thrift:libthrift:0.17.0 (4 constraints: 00372854)
org.assertj:assertj-core:3.24.2 (4 constraints: a5360d6c)
org.assertj:assertj-guava:3.24.2 (1 constraints: 3d05473b)
org.awaitility:awaitility:4.2.0 (2 constraints: c71a893b)
org.caffinitas.ohc:ohc-core:0.3.4 (1 constraints: 950f6988)
org.checkerframework:checker-compat-qual:2.5.5 (2 constraints: 1f1d1717)
org.checkerframework:checker-qual:3.37.0 (3 constraints: 7426d1e3)
org.clojure:clojure:1.8.0 (1 constraints: 0b050836)
org.codehaus.groovy:groovy:2.5.14 (23 constraints: b55185ba)
org.codehaus.groovy:groovy-cli-picocli:2.5.14 (5 constraints: d54e9017)
org.codehaus.groovy:groovy-console:2.5.14 (2 constraints: a71d7b2f)
org.codehaus.groovy:groovy-groovysh:2.5.14 (2 constraints: ed12fb43)
org.codehaus.groovy:groovy-json:2.5.14 (2 constraints: ed12fb43)
org.codehaus.groovy:groovy-swing:2.5.14 (2 constraints: 191dbb0d)
org.codehaus.groovy:groovy-templates:2.5.14 (5 constraints: 594e93c5)
org.codehaus.groovy:groovy-xml:2.5.14 (3 constraints: 702d10ee)
org.codehaus.jackson:jackson-core-asl:1.9.2 (2 constraints: 58207b33)
org.codehaus.jackson:jackson-mapper-asl:1.9.2 (1 constraints: 9a0f7e88)
org.derive4j:derive4j-annotation:1.1.1 (1 constraints: 0505f435)
org.eclipse.collections:eclipse-collections:11.1.0 (1 constraints: 35052f3b)
org.eclipse.collections:eclipse-collections-api:11.1.0 (2 constraints: 12187676)
org.eclipse.jdt.core.compiler:ecj:4.4.2 (1 constraints: 980f7e88)
org.eclipse.jetty:jetty-alpn-server:9.4.51.v20230217 (1 constraints: fb0f7cd2)
org.eclipse.jetty:jetty-continuation:9.4.51.v20230217 (1 constraints: d810eef7)
org.eclipse.jetty:jetty-http:9.4.51.v20230217 (7 constraints: b4788a50)
org.eclipse.jetty:jetty-io:9.4.51.v20230217 (8 constraints: 54858d92)
org.eclipse.jetty:jetty-security:9.4.51.v20230217 (3 constraints: 4e30e6e6)
org.eclipse.jetty:jetty-server:9.4.51.v20230217 (11 constraints: 09be0a38)
org.eclipse.jetty:jetty-servlet:9.4.51.v20230217 (2 constraints: ea1fe9a8)
org.eclipse.jetty:jetty-servlets:9.4.51.v20230217 (1 constraints: 391071d7)
org.eclipse.jetty:jetty-util:9.4.51.v20230217 (13 constraints: d8d91959)
org.eclipse.jetty:jetty-util-ajax:9.4.51.v20230217 (1 constraints: 651029e2)
org.eclipse.jetty.http2:http2-common:9.4.51.v20230217 (1 constraints: d911783c)
org.eclipse.jetty.http2:http2-hpack:9.4.51.v20230217 (1 constraints: cb11133b)
org.eclipse.jetty.http2:http2-server:9.4.51.v20230217 (1 constraints: fb0f7cd2)
org.eclipse.jetty.toolchain.setuid:jetty-setuid-java:1.0.4 (1 constraints: 3f0d2a1f)
org.fusesource:sigar:1.6.4 (1 constraints: 990f7788)
org.glassfish:jakarta.el:3.0.4 (2 constraints: f72576aa)
org.glassfish.hk2:hk2-api:2.6.1 (2 constraints: 991afc66)
org.glassfish.hk2:hk2-locator:2.6.1 (1 constraints: 4410e0ad)
org.glassfish.hk2:hk2-utils:2.6.1 (2 constraints: 21173277)
org.glassfish.hk2:osgi-resource-locator:1.0.3 (2 constraints: 7d23b265)
org.glassfish.hk2.external:aopalliance-repackaged:2.6.1 (2 constraints: 21173277)
org.glassfish.jersey.containers:jersey-container-servlet:2.39.1 (1 constraints: 620e864e)
org.glassfish.jersey.containers:jersey-container-servlet-core:2.39.1 (4 constraints: 944fd6ee)
org.glassfish.jersey.core:jersey-client:2.39.1 (6 constraints: a17889e6)
org.glassfish.jersey.core:jersey-common:2.39.1 (13 constraints: 70e80892)
org.glassfish.jersey.core:jersey-server:2.39.1 (10 constraints: 49dac0a7)
org.glassfish.jersey.ext:jersey-bean-validation:2.39.1 (2 constraints: 5b269a80)
org.glassfish.jersey.ext:jersey-metainf-services:2.39.1 (1 constraints: 620e864e)
org.glassfish.jersey.inject:jersey-hk2:2.39.1 (2 constraints: 442723d4)
org.hamcrest:hamcrest:2.2 (6 constraints: 1070638c)
org.hamcrest:hamcrest-core:2.1 (2 constraints: 88126e10)
org.hdrhistogram:HdrHistogram:2.1.12 (1 constraints: 3e103aa2)
org.hibernate:hibernate-validator:4.3.0.Final (2 constraints: ee248003)
org.hibernate.validator:hibernate-validator:6.2.5.Final (4 constraints: a147c5cf)
org.immutables:value:2.9.3 (1 constraints: 020b9baf)
org.javassist:javassist:3.29.2-GA (3 constraints: ba2d3eae)
org.jboss.logging:jboss-logging:3.4.1.Final (5 constraints: 39550e65)
org.jboss.marshalling:jboss-marshalling:2.1.2.Final (1 constraints: 1f07b25a)
org.jboss.threads:jboss-threads:3.5.0.Final (4 constraints: d731aebb)
org.jboss.xnio:xnio-api:3.8.7.Final (3 constraints: a4334e90)
org.jboss.xnio:xnio-nio:3.8.7.Final (1 constraints: c80dcb30)
org.jdbi:jdbi3-core:3.30.0 (2 constraints: 0e10d5bf)
org.jdbi:jdbi3-sqlobject:3.30.0 (1 constraints: 38053d3b)
org.jetbrains:annotations:24.0.1 (4 constraints: 10350c39)
org.jetbrains.kotlin:kotlin-reflect:1.6.10 (1 constraints: 360b7dd6)
org.jetbrains.kotlin:kotlin-stdlib:1.9.0 (5 constraints: f45279bb)
org.jetbrains.kotlin:kotlin-stdlib-common:1.9.0 (1 constraints: 130f916b)
org.jetbrains.kotlin:kotlin-stdlib-jdk7:1.6.10 (1 constraints: df10f3d2)
org.jetbrains.kotlin:kotlin-stdlib-jdk8:1.6.10 (1 constraints: 360b7dd6)
org.jvnet:animal-sniffer-annotation:1.0 (1 constraints: f20b95eb)
org.mindrot:jbcrypt:0.4 (2 constraints: 4714f171)
org.mockito:mockito-core:5.3.1 (2 constraints: 26166bfc)
org.mpierce.metrics.reservoir:hdrhistogram-metrics-reservoir:1.1.3 (1 constraints: 0d10f991)
org.objenesis:objenesis:3.3 (2 constraints: c71412ab)
org.openjdk.jmh:jmh-core:1.37 (2 constraints: f71557d9)
org.openjdk.jmh:jmh-generator-annprocess:1.37 (1 constraints: df04fc30)
org.ow2.asm:asm:7.1 (4 constraints: d71f9495)
org.ow2.asm:asm-analysis:5.0.3 (1 constraints: ee09d4b2)
org.ow2.asm:asm-commons:5.0.3 (1 constraints: ee09d4b2)
org.ow2.asm:asm-tree:5.0.3 (4 constraints: d8272223)
org.ow2.asm:asm-util:5.0.3 (1 constraints: ee09d4b2)
org.postgresql:postgresql:42.4.3 (1 constraints: 3f05523b)
org.reflections:reflections:0.10.2 (1 constraints: 3505253b)
org.rocksdb:rocksdbjni:8.3.2 (1 constraints: 0f051e36)
org.slf4j:jcl-over-slf4j:1.7.36 (3 constraints: 492febed)
org.slf4j:jul-to-slf4j:1.7.36 (1 constraints: b90e9c5e)
org.slf4j:log4j-over-slf4j:1.7.36 (3 constraints: 492febed)
org.slf4j:slf4j-api:1.7.36 (44 constraints: 8180995b)
org.wildfly.client:wildfly-client-config:1.0.1.Final (1 constraints: 940c6308)
org.wildfly.common:wildfly-common:1.6.0.Final (4 constraints: 3f390b3d)
org.xerial:sqlite-jdbc:3.42.0.0 (1 constraints: 99054946)
org.xerial.snappy:snappy-java:1.1.10.1 (2 constraints: 891546f4)
org.yaml:snakeyaml:2.2 (5 constraints: a24b08fe)

[Test dependencies]
cglib:cglib:3.2.8 (1 constraints: 1f0a62b5)
com.beust:jcommander:1.72 (1 constraints: 4e08137a)
com.ea.agentloader:ea-agent-loader:1.0.3 (1 constraints: 0605f335)
com.github.peterwippermann.junit4:parameterized-suite:1.1.0 (1 constraints: 0405f335)
com.github.stefanbirkner:system-rules:1.19.0 (1 constraints: 3d05443b)
com.github.tomakehurst:wiremock-standalone:2.27.2 (1 constraints: 3f054a3b)
com.google.code.findbugs:annotations:3.0.1 (1 constraints: 9e0aafc3)
com.palantir.conjure.java.api:test-utils:2.35.0 (1 constraints: 3c05463b)
com.palantir.safe-logging:preconditions-assertj:3.6.0 (1 constraints: 0b050c36)
com.palantir.tracing:tracing-test-utils:6.18.0 (1 constraints: 41055f3b)
com.spotify.dataenum:dataenum:1.4.1 (1 constraints: e9105ac1)
com.thoughtworks.qdox:qdox:1.12.1 (1 constraints: 6d11f7d9)
io.dropwizard:dropwizard-testing:2.1.7 (1 constraints: 0c05ff35)
junit:junit-dep:4.11 (1 constraints: ba1063b3)
net.jcip:jcip-annotations:1.0 (2 constraints: fa13a659)
org.apache-extras.beanshell:bsh:2.0b6 (1 constraints: ac07626b)
org.apache.ant:ant:1.9.15 (2 constraints: b21830c3)
org.apache.ant:ant-antlr:1.9.15 (1 constraints: be0d9c37)
org.apache.ant:ant-junit:1.9.15 (1 constraints: be0d9c37)
org.apache.ant:ant-launcher:1.9.15 (2 constraints: 5b16041e)
org.apiguardian:apiguardian-api:1.1.2 (6 constraints: 896455cc)
org.codehaus.groovy:groovy-all:2.5.14 (1 constraints: 7707a56a)
org.codehaus.groovy:groovy-ant:2.5.14 (1 constraints: b00d2137)
org.codehaus.groovy:groovy-cli-commons:2.5.14 (1 constraints: b00d2137)
org.codehaus.groovy:groovy-datetime:2.5.14 (1 constraints: b00d2137)
org.codehaus.groovy:groovy-docgenerator:2.5.14 (2 constraints: 021e214f)
org.codehaus.groovy:groovy-groovydoc:2.5.14 (2 constraints: 691b2892)
org.codehaus.groovy:groovy-jmx:2.5.14 (1 constraints: b00d2137)
org.codehaus.groovy:groovy-jsr223:2.5.14 (1 constraints: b00d2137)
org.codehaus.groovy:groovy-macro:2.5.14 (1 constraints: b00d2137)
org.codehaus.groovy:groovy-nio:2.5.14 (1 constraints: b00d2137)
org.codehaus.groovy:groovy-servlet:2.5.14 (1 constraints: b00d2137)
org.codehaus.groovy:groovy-sql:2.5.14 (1 constraints: b00d2137)
org.codehaus.groovy:groovy-test:2.5.14 (2 constraints: ed12fb43)
org.codehaus.groovy:groovy-test-junit5:2.5.14 (1 constraints: b00d2137)
org.codehaus.groovy:groovy-testng:2.5.14 (1 constraints: b00d2137)
org.freemarker:freemarker:2.3.32 (1 constraints: 3c053d3b)
org.glassfish.grizzly:connection-pool:2.4.4 (1 constraints: 1418374b)
org.glassfish.grizzly:grizzly-framework:2.4.4 (3 constraints: bc31e6d7)
org.glassfish.grizzly:grizzly-http:2.4.4 (1 constraints: e11123e3)
org.glassfish.grizzly:grizzly-http-client:1.16 (1 constraints: e4172133)
org.glassfish.grizzly:grizzly-websockets:2.4.4 (1 constraints: 1418374b)
org.glassfish.jersey.connectors:jersey-grizzly-connector:2.39.1 (1 constraints: ce0ef65f)
org.glassfish.jersey.media:jersey-media-jaxb:2.39.1 (1 constraints: 441ab3fe)
org.glassfish.jersey.test-framework:jersey-test-framework-core:2.39.1 (2 constraints: 7c326de0)
org.glassfish.jersey.test-framework.providers:jersey-test-framework-provider-inmemory:2.39.1 (1 constraints: ce0ef65f)
org.gmock:gmock:0.8.3 (1 constraints: 0d050636)
org.hamcrest:hamcrest-library:2.1 (1 constraints: 1507415c)
org.jmock:jmock:2.12.0 (2 constraints: 7d0fa3a1)
org.jmock:jmock-legacy:2.12.0 (1 constraints: 3705353b)
org.jmock:jmock-testjar:2.12.0 (1 constraints: a507a272)
org.junit.jupiter:junit-jupiter:5.10.0 (2 constraints: 923d8556)
org.junit.jupiter:junit-jupiter-api:5.10.0 (4 constraints: 7c4093e0)
org.junit.jupiter:junit-jupiter-engine:5.10.0 (2 constraints: c41eeea3)
org.junit.jupiter:junit-jupiter-params:5.10.0 (1 constraints: 330efd49)
org.junit.platform:junit-platform-commons:1.10.0 (2 constraints: 2b211983)
org.junit.platform:junit-platform-engine:1.10.0 (3 constraints: ea33eda1)
org.junit.platform:junit-platform-launcher:1.10.0 (1 constraints: 8e1077b2)
org.junit.vintage:junit-vintage-engine:5.10.0 (1 constraints: 3805413b)
org.opentest4j:opentest4j:1.3.0 (2 constraints: cf209249)
org.testng:testng:6.13.1 (1 constraints: 0b0f686b)
uk.org.lidalia:lidalia-lang:1.0.0 (1 constraints: f70a87d5)
uk.org.lidalia:lidalia-slf4j-ext:1.0.0 (1 constraints: f70a87d5)
uk.org.lidalia:slf4j-test:1.1.0 (1 constraints: 0405f335)
