{
    "compileClasspath": {
        "com.fasterxml.jackson.core:jackson-annotations": {
            "locked": "2.7.8",
            "transitive": [
                "com.palantir.atlasdb:atlasdb-commons"
            ]
        },
        "com.google.code.findbugs:annotations": {
            "locked": "3.0.1",
            "transitive": [
                "com.palantir.atlasdb:atlasdb-commons",
                "com.palantir.atlasdb:commons-annotations",
                "com.palantir.atlasdb:commons-executors"
            ]
        },
        "com.google.code.findbugs:jsr305": {
            "locked": "3.0.1",
            "transitive": [
                "com.google.code.findbugs:annotations",
                "com.palantir.atlasdb:atlasdb-commons"
            ]
        },
        "com.google.guava:guava": {
            "locked": "18.0",
            "transitive": [
                "com.palantir.atlasdb:atlasdb-commons"
            ]
        },
        "com.palantir.atlasdb:atlasdb-commons": {
            "project": true
        },
        "com.palantir.atlasdb:commons-annotations": {
            "project": true
        },
        "com.palantir.atlasdb:commons-executors": {
            "project": true,
            "transitive": [
                "com.palantir.atlasdb:atlasdb-commons"
            ]
        },
        "com.palantir.safe-logging:safe-logging": {
            "locked": "0.1.3",
            "transitive": [
                "com.palantir.atlasdb:atlasdb-commons"
            ]
        },
        "io.dropwizard.metrics:metrics-core": {
            "locked": "3.2.3",
            "transitive": [
                "com.palantir.atlasdb:atlasdb-commons"
            ]
        },
        "javax.ws.rs:javax.ws.rs-api": {
            "locked": "2.0.1",
            "transitive": [
                "com.palantir.atlasdb:atlasdb-commons"
            ]
        },
        "net.jcip:jcip-annotations": {
            "locked": "1.0",
            "transitive": [
                "com.google.code.findbugs:annotations"
            ]
        },
        "net.jpountz.lz4:lz4": {
            "locked": "1.3.0",
            "transitive": [
                "com.palantir.atlasdb:atlasdb-commons"
            ]
        },
        "org.apache.commons:commons-math3": {
            "locked": "3.2",
            "transitive": [
                "com.palantir.atlasdb:atlasdb-commons"
            ]
        },
        "org.slf4j:slf4j-api": {
            "locked": "1.7.25",
            "transitive": [
                "com.palantir.atlasdb:atlasdb-commons"
            ]
        }
    },
    "runtime": {
        "com.fasterxml.jackson.core:jackson-annotations": {
            "locked": "2.7.8",
            "transitive": [
                "com.palantir.atlasdb:atlasdb-commons"
            ]
        },
        "com.google.code.findbugs:annotations": {
            "locked": "3.0.1",
            "transitive": [
                "com.palantir.atlasdb:atlasdb-commons",
                "com.palantir.atlasdb:commons-annotations",
                "com.palantir.atlasdb:commons-executors"
            ]
        },
        "com.google.code.findbugs:jsr305": {
            "locked": "3.0.1",
            "transitive": [
                "com.google.code.findbugs:annotations",
                "com.palantir.atlasdb:atlasdb-commons"
            ]
        },
        "com.google.guava:guava": {
            "locked": "18.0",
            "transitive": [
                "com.palantir.atlasdb:atlasdb-commons"
            ]
        },
        "com.palantir.atlasdb:atlasdb-commons": {
            "project": true
        },
        "com.palantir.atlasdb:commons-annotations": {
            "project": true
        },
        "com.palantir.atlasdb:commons-executors": {
            "project": true,
            "transitive": [
                "com.palantir.atlasdb:atlasdb-commons"
            ]
        },
        "com.palantir.safe-logging:safe-logging": {
            "locked": "0.1.3",
            "transitive": [
                "com.palantir.atlasdb:atlasdb-commons"
            ]
        },
        "io.dropwizard.metrics:metrics-core": {
            "locked": "3.2.3",
            "transitive": [
                "com.palantir.atlasdb:atlasdb-commons"
            ]
        },
        "javax.ws.rs:javax.ws.rs-api": {
            "locked": "2.0.1",
            "transitive": [
                "com.palantir.atlasdb:atlasdb-commons"
            ]
        },
        "net.jcip:jcip-annotations": {
            "locked": "1.0",
            "transitive": [
                "com.google.code.findbugs:annotations"
            ]
        },
        "net.jpountz.lz4:lz4": {
            "locked": "1.3.0",
            "transitive": [
                "com.palantir.atlasdb:atlasdb-commons"
            ]
        },
        "org.apache.commons:commons-math3": {
            "locked": "3.2",
            "transitive": [
                "com.palantir.atlasdb:atlasdb-commons"
            ]
        },
        "org.slf4j:slf4j-api": {
            "locked": "1.7.25",
            "transitive": [
                "com.palantir.atlasdb:atlasdb-commons"
            ]
        }
    }
}