numClients: 5
numThreads: 8
queriesPerSecond:
  - 2000
  - 1000
  - 500
clients:
  - https://url-1:8421/test
  - https://url-2:8421/test
  - https://url-3:8421/test
sslConfiguration:
  keyStoreKeyAlias: keystore-alias
  keyStorePassword:
  keyStorePath: /var/security/keystore.jks
  trustStorePath: /var/security/truststore.jks
