namespaces:
  - namespace1
  - namespace2
  - namespace3
  - namespace4
  - namespace5
  - namespace6
  - namespace7
  - namespace8
  - namespace9
  - namespace10
  - namespace11
  - namespace12
  - namespace13
  - namespace14
  - namespace15
queriesPerSecond:
  - 200
  - 200
  - 200
  - 200
  - 200
  - 200
  - 200
  - 200
  - 200
  - 200
  - 200
  - 200
  - 200
  - 200
  - 200
paths:
  - https://url-1:8421
  - https://url-2:8421
  - https://url-3:8421
sslConfiguration:
  keyStoreKeyAlias: keystore-alias
  keyStorePassword:
  keyStorePath: /var/security/keystore.jks
  trustStorePath: /var/security/truststore.jks
