namespaces:
  - namespace1
  - namespace2
  - namespace3
queriesPerSecond:
  - 2000
  - 1000
  - 500
paths:
  - https://url-1:8421
  - https://url-2:8421
  - https://url-3:8421
sslConfiguration:
  keyStoreKeyAlias: keystore-alias
  keyStorePassword:
  keyStorePath: /var/security/keystore.jks
  trustStorePath: /var/security/truststore.jks
