# Danger! Multiple jars contain identically named classes. This may cause different behaviour depending on classpath ordering.
# Run ./gradlew checkClassUniqueness --write-locks to update this file

## runtimeClasspath
[commons-logging:commons-logging, org.slf4j:jcl-over-slf4j]
  - org.apache.commons.logging.Log
  - org.apache.commons.logging.LogConfigurationException
  - org.apache.commons.logging.LogFactory
  - org.apache.commons.logging.impl.NoOpLog
  - org.apache.commons.logging.impl.SimpleLog
  - org.apache.commons.logging.impl.SimpleLog$1
[org.hibernate.validator:hibernate-validator, org.hibernate:hibernate-validator]
  - org.hibernate.validator.HibernateValidator
  - org.hibernate.validator.HibernateValidatorConfiguration
  - org.hibernate.validator.HibernateValidatorContext
  - org.hibernate.validator.HibernateValidatorFactory
  - org.hibernate.validator.cfg.ConstraintDef
  - org.hibernate.validator.cfg.ConstraintMapping
  - org.hibernate.validator.cfg.GenericConstraintDef
  - org.hibernate.validator.cfg.context.AnnotationProcessingOptions
  - org.hibernate.validator.cfg.context.Cascadable
  - org.hibernate.validator.cfg.context.Constrainable
  - org.hibernate.validator.cfg.context.MethodConstraintMappingContext
  - org.hibernate.validator.cfg.context.MethodTarget
  - org.hibernate.validator.cfg.context.ParameterConstraintMappingContext
  - org.hibernate.validator.cfg.context.ParameterTarget
  - org.hibernate.validator.cfg.context.PropertyConstraintMappingContext
  - org.hibernate.validator.cfg.context.PropertyTarget
  - org.hibernate.validator.cfg.context.ReturnValueConstraintMappingContext
  - org.hibernate.validator.cfg.context.ReturnValueTarget
  - org.hibernate.validator.cfg.context.TypeConstraintMappingContext
  - org.hibernate.validator.cfg.context.TypeTarget
  - org.hibernate.validator.cfg.defs.AssertFalseDef
  - org.hibernate.validator.cfg.defs.AssertTrueDef
  - org.hibernate.validator.cfg.defs.CreditCardNumberDef
  - org.hibernate.validator.cfg.defs.DecimalMaxDef
  - org.hibernate.validator.cfg.defs.DecimalMinDef
  - org.hibernate.validator.cfg.defs.DigitsDef
  - org.hibernate.validator.cfg.defs.EmailDef
  - org.hibernate.validator.cfg.defs.FutureDef
  - org.hibernate.validator.cfg.defs.LengthDef
  - org.hibernate.validator.cfg.defs.MaxDef
  - org.hibernate.validator.cfg.defs.MinDef
  - org.hibernate.validator.cfg.defs.NotBlankDef
  - org.hibernate.validator.cfg.defs.NotEmptyDef
  - org.hibernate.validator.cfg.defs.NotNullDef
  - org.hibernate.validator.cfg.defs.NullDef
  - org.hibernate.validator.cfg.defs.PastDef
  - org.hibernate.validator.cfg.defs.PatternDef
  - org.hibernate.validator.cfg.defs.RangeDef
  - org.hibernate.validator.cfg.defs.ScriptAssertDef
  - org.hibernate.validator.cfg.defs.SizeDef
  - org.hibernate.validator.cfg.defs.URLDef
  - org.hibernate.validator.constraints.CompositionType
  - org.hibernate.validator.constraints.ConstraintComposition
  - org.hibernate.validator.constraints.CreditCardNumber
  - org.hibernate.validator.constraints.CreditCardNumber$List
  - org.hibernate.validator.constraints.Email
  - org.hibernate.validator.constraints.Email$List
  - org.hibernate.validator.constraints.Length
  - org.hibernate.validator.constraints.Length$List
  - org.hibernate.validator.constraints.ModCheck
  - org.hibernate.validator.constraints.ModCheck$List
  - org.hibernate.validator.constraints.ModCheck$ModType
  - org.hibernate.validator.constraints.NotBlank
  - org.hibernate.validator.constraints.NotBlank$List
  - org.hibernate.validator.constraints.NotEmpty
  - org.hibernate.validator.constraints.NotEmpty$List
  - org.hibernate.validator.constraints.Range
  - org.hibernate.validator.constraints.Range$List
  - org.hibernate.validator.constraints.SafeHtml
  - org.hibernate.validator.constraints.SafeHtml$List
  - org.hibernate.validator.constraints.SafeHtml$WhiteListType
  - org.hibernate.validator.constraints.ScriptAssert
  - org.hibernate.validator.constraints.ScriptAssert$List
  - org.hibernate.validator.constraints.URL
  - org.hibernate.validator.constraints.URL$List
  - org.hibernate.validator.constraints.br.CNPJ
  - org.hibernate.validator.constraints.br.CPF
  - org.hibernate.validator.constraints.br.TituloEleitoral
  - org.hibernate.validator.group.GroupSequenceProvider
  - org.hibernate.validator.internal.cfg.context.ConfiguredConstraint
  - org.hibernate.validator.internal.cfg.context.ConstraintMappingContextImplBase
  - org.hibernate.validator.internal.cfg.context.MethodConstraintMappingContextImpl
  - org.hibernate.validator.internal.cfg.context.ParameterConstraintMappingContextImpl
  - org.hibernate.validator.internal.cfg.context.ReturnValueConstraintMappingContextImpl
  - org.hibernate.validator.internal.cfg.context.TypeConstraintMappingContextImpl
  - org.hibernate.validator.internal.engine.ConfigurationImpl
  - org.hibernate.validator.internal.engine.ConstraintViolationImpl
  - org.hibernate.validator.internal.engine.MessageInterpolatorContext
  - org.hibernate.validator.internal.engine.ValidatorContextImpl
  - org.hibernate.validator.internal.engine.ValidatorFactoryImpl
  - org.hibernate.validator.internal.engine.ValidatorImpl
  - org.hibernate.validator.internal.engine.groups.DefaultValidationOrder
  - org.hibernate.validator.internal.engine.groups.Group
  - org.hibernate.validator.internal.engine.groups.Sequence
  - org.hibernate.validator.internal.engine.groups.ValidationOrder
  - org.hibernate.validator.internal.engine.groups.ValidationOrderGenerator
  - org.hibernate.validator.internal.engine.resolver.JPATraversableResolver
  - org.hibernate.validator.internal.metadata.BeanMetaDataManager
  - org.hibernate.validator.internal.metadata.aggregated.AbstractConstraintMetaData
  - org.hibernate.validator.internal.metadata.aggregated.BeanMetaData
  - org.hibernate.validator.internal.metadata.aggregated.BeanMetaDataImpl
  - org.hibernate.validator.internal.metadata.aggregated.BeanMetaDataImpl$1
  - org.hibernate.validator.internal.metadata.aggregated.ConstraintMetaData
  - org.hibernate.validator.internal.metadata.aggregated.MetaDataBuilder
  - org.hibernate.validator.internal.metadata.aggregated.ParameterMetaData
  - org.hibernate.validator.internal.metadata.aggregated.ParameterMetaData$1
  - org.hibernate.validator.internal.metadata.aggregated.ParameterMetaData$Builder
  - org.hibernate.validator.internal.metadata.aggregated.PropertyMetaData
  - org.hibernate.validator.internal.metadata.aggregated.PropertyMetaData$1
  - org.hibernate.validator.internal.metadata.aggregated.PropertyMetaData$Builder
  - org.hibernate.validator.internal.metadata.core.AnnotationProcessingOptions
  - org.hibernate.validator.internal.metadata.core.ConstraintHelper
  - org.hibernate.validator.internal.metadata.core.ConstraintOrigin
  - org.hibernate.validator.internal.metadata.core.MetaConstraint
  - org.hibernate.validator.internal.metadata.descriptor.BeanDescriptorImpl
  - org.hibernate.validator.internal.metadata.descriptor.ConstraintDescriptorImpl
  - org.hibernate.validator.internal.metadata.descriptor.ConstraintDescriptorImpl$ClassIndexWrapper
  - org.hibernate.validator.internal.metadata.descriptor.ElementDescriptorImpl
  - org.hibernate.validator.internal.metadata.descriptor.ElementDescriptorImpl$ConstraintFinderImpl
  - org.hibernate.validator.internal.metadata.descriptor.ParameterDescriptorImpl
  - org.hibernate.validator.internal.metadata.descriptor.PropertyDescriptorImpl
  - org.hibernate.validator.internal.metadata.location.BeanConstraintLocation
  - org.hibernate.validator.internal.metadata.location.ConstraintLocation
  - org.hibernate.validator.internal.metadata.provider.AnnotationMetaDataProvider
  - org.hibernate.validator.internal.metadata.provider.MetaDataProvider
  - org.hibernate.validator.internal.metadata.provider.ProgrammaticMetaDataProvider
  - org.hibernate.validator.internal.metadata.provider.XmlMetaDataProvider
  - org.hibernate.validator.internal.metadata.raw.AbstractConstrainedElement
  - org.hibernate.validator.internal.metadata.raw.BeanConfiguration
  - org.hibernate.validator.internal.metadata.raw.ConfigurationSource
  - org.hibernate.validator.internal.metadata.raw.ConstrainedElement
  - org.hibernate.validator.internal.metadata.raw.ConstrainedElement$ConstrainedElementKind
  - org.hibernate.validator.internal.metadata.raw.ConstrainedField
  - org.hibernate.validator.internal.metadata.raw.ConstrainedParameter
  - org.hibernate.validator.internal.metadata.raw.ConstrainedType
  - org.hibernate.validator.internal.util.CollectionHelper
  - org.hibernate.validator.internal.util.ConcurrentReferenceHashMap
  - org.hibernate.validator.internal.util.ConcurrentReferenceHashMap$EntryIterator
  - org.hibernate.validator.internal.util.ConcurrentReferenceHashMap$EntrySet
  - org.hibernate.validator.internal.util.ConcurrentReferenceHashMap$HashEntry
  - org.hibernate.validator.internal.util.ConcurrentReferenceHashMap$HashIterator
  - org.hibernate.validator.internal.util.ConcurrentReferenceHashMap$KeyIterator
  - org.hibernate.validator.internal.util.ConcurrentReferenceHashMap$KeyReference
  - org.hibernate.validator.internal.util.ConcurrentReferenceHashMap$KeySet
  - org.hibernate.validator.internal.util.ConcurrentReferenceHashMap$Option
  - org.hibernate.validator.internal.util.ConcurrentReferenceHashMap$ReferenceType
  - org.hibernate.validator.internal.util.ConcurrentReferenceHashMap$Segment
  - org.hibernate.validator.internal.util.ConcurrentReferenceHashMap$SimpleEntry
  - org.hibernate.validator.internal.util.ConcurrentReferenceHashMap$SoftKeyReference
  - org.hibernate.validator.internal.util.ConcurrentReferenceHashMap$SoftValueReference
  - org.hibernate.validator.internal.util.ConcurrentReferenceHashMap$ValueIterator
  - org.hibernate.validator.internal.util.ConcurrentReferenceHashMap$Values
  - org.hibernate.validator.internal.util.ConcurrentReferenceHashMap$WeakKeyReference
  - org.hibernate.validator.internal.util.ConcurrentReferenceHashMap$WeakValueReference
  - org.hibernate.validator.internal.util.ConcurrentReferenceHashMap$WriteThroughEntry
  - org.hibernate.validator.internal.util.Contracts
  - org.hibernate.validator.internal.util.ModUtil
  - org.hibernate.validator.internal.util.ReflectionHelper
  - org.hibernate.validator.internal.util.TypeHelper
  - org.hibernate.validator.internal.util.TypeHelper$1
  - org.hibernate.validator.internal.util.TypeHelper$2
  - org.hibernate.validator.internal.util.Version
  - org.hibernate.validator.internal.util.logging.Log
  - org.hibernate.validator.internal.util.logging.Log_$logger
  - org.hibernate.validator.internal.util.logging.LoggerFactory
  - org.hibernate.validator.internal.util.logging.Messages
  - org.hibernate.validator.internal.util.logging.Messages_$bundle
  - org.hibernate.validator.internal.util.privilegedactions.ConstructorInstance
  - org.hibernate.validator.internal.util.privilegedactions.GetClassLoader
  - org.hibernate.validator.internal.util.privilegedactions.GetDeclaredField
  - org.hibernate.validator.internal.util.privilegedactions.GetDeclaredFields
  - org.hibernate.validator.internal.util.privilegedactions.GetDeclaredMethod
  - org.hibernate.validator.internal.util.privilegedactions.GetDeclaredMethods
  - org.hibernate.validator.internal.util.privilegedactions.GetMethod
  - org.hibernate.validator.internal.util.privilegedactions.GetMethods
  - org.hibernate.validator.internal.util.privilegedactions.LoadClass
  - org.hibernate.validator.internal.util.privilegedactions.NewInstance
  - org.hibernate.validator.messageinterpolation.ResourceBundleMessageInterpolator
  - org.hibernate.validator.resourceloading.AggregateResourceBundleLocator
  - org.hibernate.validator.resourceloading.AggregateResourceBundleLocator$AggregateBundle
  - org.hibernate.validator.resourceloading.AggregateResourceBundleLocator$IteratorEnumeration
  - org.hibernate.validator.resourceloading.CachingResourceBundleLocator
  - org.hibernate.validator.resourceloading.DelegatingResourceBundleLocator
  - org.hibernate.validator.resourceloading.PlatformResourceBundleLocator
  - org.hibernate.validator.spi.group.DefaultGroupSequenceProvider
  - org.hibernate.validator.spi.resourceloading.ResourceBundleLocator
