{
    "compileClasspath": {
        "com.google.code.findbugs:annotations": {
            "locked": "2.0.3"
        },
        "com.google.guava:guava": {
            "locked": "18.0",
            "requested": "18.0"
        },
        "com.squareup:javapoet": {
            "locked": "1.9.0",
            "requested": "1.9.0"
        }
    },
    "runtime": {
        "com.google.code.findbugs:annotations": {
            "locked": "2.0.3"
        },
        "com.google.guava:guava": {
            "locked": "18.0",
            "requested": "18.0"
        },
        "com.squareup:javapoet": {
            "locked": "1.9.0",
            "requested": "1.9.0"
        }
    }
}