{
    "compileClasspath": {
        "com.google.code.findbugs:findbugs-annotations": {
            "locked": "3.0.1"
        },
        "com.google.code.findbugs:jsr305": {
            "locked": "3.0.1"
        },
        "org.apache.ant:ant": {
            "locked": "1.9.4",
            "requested": "1.9.4"
        },
        "org.apache.ant:ant-launcher": {
            "locked": "1.9.4",
            "transitive": [
                "org.apache.ant:ant"
            ]
        }
    },
    "runtime": {
        "com.google.code.findbugs:findbugs-annotations": {
            "locked": "3.0.1"
        },
        "com.google.code.findbugs:jsr305": {
            "locked": "3.0.1"
        },
        "org.apache.ant:ant": {
            "locked": "1.9.4",
            "requested": "1.9.4"
        },
        "org.apache.ant:ant-launcher": {
            "locked": "1.9.4",
            "transitive": [
                "org.apache.ant:ant"
            ]
        }
    }
}