# Danger! Multiple jars contain identically named classes. This may cause different behaviour depending on classpath ordering.
# Run ./gradlew checkClassUniqueness --write-locks to update this file

## runtimeClasspath
[commons-logging:commons-logging, org.slf4j:jcl-over-slf4j]
  - org.apache.commons.logging.Log
  - org.apache.commons.logging.LogConfigurationException
  - org.apache.commons.logging.LogFactory
  - org.apache.commons.logging.impl.NoOpLog
  - org.apache.commons.logging.impl.SimpleLog
  - org.apache.commons.logging.impl.SimpleLog$1
