{
    "compileClasspath": {
        "com.fasterxml.jackson.core:jackson-annotations": {
            "locked": "2.6.7",
            "transitive": [
                "com.fasterxml.jackson.core:jackson-databind",
                "com.palantir.atlasdb:atlasdb-commons",
                "com.palantir.atlasdb:leader-election-api"
            ]
        },
        "com.fasterxml.jackson.core:jackson-core": {
            "locked": "2.6.7",
            "transitive": [
                "com.fasterxml.jackson.core:jackson-databind",
                "com.fasterxml.jackson.dataformat:jackson-dataformat-cbor",
                "com.fasterxml.jackson.datatype:jackson-datatype-guava",
                "com.fasterxml.jackson.datatype:jackson-datatype-jdk8",
                "com.fasterxml.jackson.datatype:jackson-datatype-jsr310",
                "com.fasterxml.jackson.module:jackson-module-afterburner"
            ]
        },
        "com.fasterxml.jackson.core:jackson-databind": {
            "locked": "2.6.7",
            "transitive": [
                "com.fasterxml.jackson.datatype:jackson-datatype-guava",
                "com.fasterxml.jackson.datatype:jackson-datatype-jdk8",
                "com.fasterxml.jackson.datatype:jackson-datatype-jsr310",
                "com.fasterxml.jackson.module:jackson-module-afterburner",
                "com.palantir.remoting-api:tracing",
                "com.palantir.remoting3:jackson-support",
                "com.palantir.remoting3:tracing"
            ]
        },
        "com.fasterxml.jackson.dataformat:jackson-dataformat-cbor": {
            "locked": "2.6.7",
            "transitive": [
                "com.palantir.remoting3:jackson-support"
            ]
        },
        "com.fasterxml.jackson.datatype:jackson-datatype-guava": {
            "locked": "2.6.7",
            "transitive": [
                "com.palantir.remoting3:jackson-support",
                "com.palantir.remoting3:tracing"
            ]
        },
        "com.fasterxml.jackson.datatype:jackson-datatype-jdk8": {
            "locked": "2.6.7",
            "transitive": [
                "com.palantir.remoting3:jackson-support",
                "com.palantir.remoting3:tracing"
            ]
        },
        "com.fasterxml.jackson.datatype:jackson-datatype-jsr310": {
            "locked": "2.6.7",
            "transitive": [
                "com.palantir.remoting3:jackson-support"
            ]
        },
        "com.fasterxml.jackson.module:jackson-module-afterburner": {
            "locked": "2.6.7",
            "transitive": [
                "com.palantir.remoting3:jackson-support",
                "com.palantir.remoting3:tracing"
            ]
        },
        "com.google.code.findbugs:annotations": {
            "locked": "3.0.1",
            "transitive": [
                "com.palantir.atlasdb:atlasdb-commons",
                "com.palantir.atlasdb:commons-executors",
                "com.palantir.atlasdb:leader-election-api",
                "com.palantir.atlasdb:leader-election-api-protobufs"
            ]
        },
        "com.google.code.findbugs:jsr305": {
            "locked": "3.0.1",
            "transitive": [
                "com.google.code.findbugs:annotations",
                "com.palantir.atlasdb:atlasdb-commons"
            ]
        },
        "com.google.guava:guava": {
            "locked": "18.0",
            "transitive": [
                "com.fasterxml.jackson.datatype:jackson-datatype-guava",
                "com.palantir.atlasdb:atlasdb-commons",
                "com.palantir.remoting3:tracing"
            ]
        },
        "com.google.protobuf:protobuf-java": {
            "locked": "2.6.0",
            "requested": "2.6.0",
            "transitive": [
                "com.palantir.atlasdb:leader-election-api-protobufs"
            ]
        },
        "com.palantir.atlasdb:atlasdb-commons": {
            "project": true,
            "transitive": [
                "com.palantir.atlasdb:leader-election-api"
            ]
        },
        "com.palantir.atlasdb:commons-executors": {
            "project": true,
            "transitive": [
                "com.palantir.atlasdb:atlasdb-commons"
            ]
        },
        "com.palantir.atlasdb:leader-election-api": {
            "project": true
        },
        "com.palantir.atlasdb:leader-election-api-protobufs": {
            "project": true,
            "transitive": [
                "com.palantir.atlasdb:leader-election-api"
            ]
        },
        "com.palantir.remoting-api:tracing": {
            "locked": "1.4.0",
            "transitive": [
                "com.palantir.remoting3:tracing"
            ]
        },
        "com.palantir.remoting3:jackson-support": {
            "locked": "3.5.1",
            "transitive": [
                "com.palantir.remoting3:tracing"
            ]
        },
        "com.palantir.remoting3:tracing": {
            "locked": "3.5.1"
        },
        "com.palantir.safe-logging:safe-logging": {
            "locked": "0.1.3",
            "transitive": [
                "com.palantir.atlasdb:atlasdb-commons",
                "com.palantir.remoting3:tracing"
            ]
        },
        "commons-io:commons-io": {
            "locked": "2.1"
        },
        "commons-lang:commons-lang": {
            "locked": "2.6",
            "requested": "2.6"
        },
        "io.dropwizard.metrics:metrics-core": {
            "locked": "3.2.3",
            "transitive": [
                "com.palantir.atlasdb:atlasdb-commons"
            ]
        },
        "javax.ws.rs:javax.ws.rs-api": {
            "locked": "2.0.1",
            "transitive": [
                "com.palantir.atlasdb:atlasdb-commons",
                "com.palantir.atlasdb:leader-election-api"
            ]
        },
        "net.jcip:jcip-annotations": {
            "locked": "1.0",
            "transitive": [
                "com.google.code.findbugs:annotations"
            ]
        },
        "net.jpountz.lz4:lz4": {
            "locked": "1.3.0",
            "transitive": [
                "com.palantir.atlasdb:atlasdb-commons"
            ]
        },
        "org.apache.commons:commons-lang3": {
            "locked": "3.4",
            "transitive": [
                "com.palantir.atlasdb:leader-election-api"
            ]
        },
        "org.apache.commons:commons-math3": {
            "locked": "3.2",
            "transitive": [
                "com.palantir.atlasdb:atlasdb-commons"
            ]
        },
        "org.slf4j:slf4j-api": {
            "locked": "1.7.25",
            "transitive": [
                "com.palantir.atlasdb:atlasdb-commons",
                "com.palantir.remoting3:tracing"
            ]
        }
    },
    "runtime": {
        "com.fasterxml.jackson.core:jackson-annotations": {
            "locked": "2.6.7",
            "transitive": [
                "com.fasterxml.jackson.core:jackson-databind",
                "com.palantir.atlasdb:atlasdb-commons",
                "com.palantir.atlasdb:leader-election-api"
            ]
        },
        "com.fasterxml.jackson.core:jackson-core": {
            "locked": "2.6.7",
            "transitive": [
                "com.fasterxml.jackson.core:jackson-databind",
                "com.fasterxml.jackson.dataformat:jackson-dataformat-cbor",
                "com.fasterxml.jackson.datatype:jackson-datatype-guava",
                "com.fasterxml.jackson.datatype:jackson-datatype-jdk8",
                "com.fasterxml.jackson.datatype:jackson-datatype-jsr310",
                "com.fasterxml.jackson.module:jackson-module-afterburner"
            ]
        },
        "com.fasterxml.jackson.core:jackson-databind": {
            "locked": "2.6.7",
            "transitive": [
                "com.fasterxml.jackson.datatype:jackson-datatype-guava",
                "com.fasterxml.jackson.datatype:jackson-datatype-jdk8",
                "com.fasterxml.jackson.datatype:jackson-datatype-jsr310",
                "com.fasterxml.jackson.module:jackson-module-afterburner",
                "com.palantir.remoting-api:tracing",
                "com.palantir.remoting3:jackson-support",
                "com.palantir.remoting3:tracing"
            ]
        },
        "com.fasterxml.jackson.dataformat:jackson-dataformat-cbor": {
            "locked": "2.6.7",
            "transitive": [
                "com.palantir.remoting3:jackson-support"
            ]
        },
        "com.fasterxml.jackson.datatype:jackson-datatype-guava": {
            "locked": "2.6.7",
            "transitive": [
                "com.palantir.remoting3:jackson-support",
                "com.palantir.remoting3:tracing"
            ]
        },
        "com.fasterxml.jackson.datatype:jackson-datatype-jdk8": {
            "locked": "2.6.7",
            "transitive": [
                "com.palantir.remoting3:jackson-support",
                "com.palantir.remoting3:tracing"
            ]
        },
        "com.fasterxml.jackson.datatype:jackson-datatype-jsr310": {
            "locked": "2.6.7",
            "transitive": [
                "com.palantir.remoting3:jackson-support"
            ]
        },
        "com.fasterxml.jackson.module:jackson-module-afterburner": {
            "locked": "2.6.7",
            "transitive": [
                "com.palantir.remoting3:jackson-support",
                "com.palantir.remoting3:tracing"
            ]
        },
        "com.google.code.findbugs:annotations": {
            "locked": "3.0.1",
            "transitive": [
                "com.palantir.atlasdb:atlasdb-commons",
                "com.palantir.atlasdb:commons-executors",
                "com.palantir.atlasdb:leader-election-api",
                "com.palantir.atlasdb:leader-election-api-protobufs"
            ]
        },
        "com.google.code.findbugs:jsr305": {
            "locked": "3.0.1",
            "transitive": [
                "com.google.code.findbugs:annotations",
                "com.palantir.atlasdb:atlasdb-commons"
            ]
        },
        "com.google.guava:guava": {
            "locked": "18.0",
            "transitive": [
                "com.fasterxml.jackson.datatype:jackson-datatype-guava",
                "com.palantir.atlasdb:atlasdb-commons",
                "com.palantir.remoting3:tracing"
            ]
        },
        "com.google.protobuf:protobuf-java": {
            "locked": "2.6.0",
            "requested": "2.6.0",
            "transitive": [
                "com.palantir.atlasdb:leader-election-api-protobufs"
            ]
        },
        "com.palantir.atlasdb:atlasdb-commons": {
            "project": true,
            "transitive": [
                "com.palantir.atlasdb:leader-election-api"
            ]
        },
        "com.palantir.atlasdb:commons-executors": {
            "project": true,
            "transitive": [
                "com.palantir.atlasdb:atlasdb-commons"
            ]
        },
        "com.palantir.atlasdb:leader-election-api": {
            "project": true
        },
        "com.palantir.atlasdb:leader-election-api-protobufs": {
            "project": true,
            "transitive": [
                "com.palantir.atlasdb:leader-election-api"
            ]
        },
        "com.palantir.remoting-api:tracing": {
            "locked": "1.4.0",
            "transitive": [
                "com.palantir.remoting3:tracing"
            ]
        },
        "com.palantir.remoting3:jackson-support": {
            "locked": "3.5.1",
            "transitive": [
                "com.palantir.remoting3:tracing"
            ]
        },
        "com.palantir.remoting3:tracing": {
            "locked": "3.5.1"
        },
        "com.palantir.safe-logging:safe-logging": {
            "locked": "0.1.3",
            "transitive": [
                "com.palantir.atlasdb:atlasdb-commons",
                "com.palantir.remoting3:tracing"
            ]
        },
        "commons-io:commons-io": {
            "locked": "2.1"
        },
        "commons-lang:commons-lang": {
            "locked": "2.6",
            "requested": "2.6"
        },
        "io.dropwizard.metrics:metrics-core": {
            "locked": "3.2.3",
            "transitive": [
                "com.palantir.atlasdb:atlasdb-commons"
            ]
        },
        "javax.ws.rs:javax.ws.rs-api": {
            "locked": "2.0.1",
            "transitive": [
                "com.palantir.atlasdb:atlasdb-commons",
                "com.palantir.atlasdb:leader-election-api"
            ]
        },
        "net.jcip:jcip-annotations": {
            "locked": "1.0",
            "transitive": [
                "com.google.code.findbugs:annotations"
            ]
        },
        "net.jpountz.lz4:lz4": {
            "locked": "1.3.0",
            "transitive": [
                "com.palantir.atlasdb:atlasdb-commons"
            ]
        },
        "org.apache.commons:commons-lang3": {
            "locked": "3.4",
            "transitive": [
                "com.palantir.atlasdb:leader-election-api"
            ]
        },
        "org.apache.commons:commons-math3": {
            "locked": "3.2",
            "transitive": [
                "com.palantir.atlasdb:atlasdb-commons"
            ]
        },
        "org.slf4j:slf4j-api": {
            "locked": "1.7.25",
            "transitive": [
                "com.palantir.atlasdb:atlasdb-commons",
                "com.palantir.remoting3:tracing"
            ]
        }
    }
}