timestampClient:
  enableTimestampBatching: true

timelockRuntime:
  serversList:
    servers:
      - "https://foo1:12345"
      - "https://foo2:8421"
      - "https://foo3:9421"
    sslConfiguration:
      trustStorePath: var/security/trustStore.jks
      keyStorePath: var/security/keyStore.jks
      keyStorePassword: 0987654321

streamStorePersistence:
  numBlocksToWriteBeforePause: 7
  writePauseDurationMillis: 77