{
    "compileClasspath": {
        "com.google.code.findbugs:annotations": {
            "locked": "3.0.1"
        },
        "com.google.code.findbugs:jsr305": {
            "locked": "3.0.1",
            "transitive": [
                "com.google.code.findbugs:annotations"
            ]
        },
        "com.google.protobuf:protobuf-java": {
            "locked": "2.6.0",
            "requested": "2.6.0"
        },
        "net.jcip:jcip-annotations": {
            "locked": "1.0",
            "transitive": [
                "com.google.code.findbugs:annotations"
            ]
        }
    },
    "runtime": {
        "com.google.code.findbugs:annotations": {
            "locked": "3.0.1"
        },
        "com.google.code.findbugs:jsr305": {
            "locked": "3.0.1",
            "transitive": [
                "com.google.code.findbugs:annotations"
            ]
        },
        "com.google.protobuf:protobuf-java": {
            "locked": "2.6.0",
            "requested": "2.6.0"
        },
        "net.jcip:jcip-annotations": {
            "locked": "1.0",
            "transitive": [
                "com.google.code.findbugs:annotations"
            ]
        }
    }
}