{
    "compileClasspath": {
        "com.fasterxml.jackson.core:jackson-annotations": {
            "locked": "2.7.8"
        },
        "com.google.code.findbugs:annotations": {
            "locked": "3.0.1",
            "transitive": [
                "com.palantir.atlasdb:commons-executors"
            ]
        },
        "com.google.code.findbugs:jsr305": {
            "locked": "3.0.1",
            "transitive": [
                "com.google.code.findbugs:annotations"
            ]
        },
        "com.google.guava:guava": {
            "locked": "18.0"
        },
        "com.palantir.atlasdb:commons-executors": {
            "project": true
        },
        "com.palantir.safe-logging:safe-logging": {
            "locked": "0.1.3"
        },
        "io.dropwizard.metrics:metrics-core": {
            "locked": "3.2.3"
        },
        "javax.ws.rs:javax.ws.rs-api": {
            "locked": "2.0.1"
        },
        "net.jcip:jcip-annotations": {
            "locked": "1.0",
            "transitive": [
                "com.google.code.findbugs:annotations"
            ]
        },
        "net.jpountz.lz4:lz4": {
            "locked": "1.3.0"
        },
        "org.apache.commons:commons-math3": {
            "locked": "3.2",
            "requested": "3.2"
        },
        "org.slf4j:slf4j-api": {
            "locked": "1.7.25"
        }
    },
    "runtime": {
        "com.fasterxml.jackson.core:jackson-annotations": {
            "locked": "2.7.8"
        },
        "com.google.code.findbugs:annotations": {
            "locked": "3.0.1",
            "transitive": [
                "com.palantir.atlasdb:commons-executors"
            ]
        },
        "com.google.code.findbugs:jsr305": {
            "locked": "3.0.1",
            "transitive": [
                "com.google.code.findbugs:annotations"
            ]
        },
        "com.google.guava:guava": {
            "locked": "18.0"
        },
        "com.palantir.atlasdb:commons-executors": {
            "project": true
        },
        "com.palantir.safe-logging:safe-logging": {
            "locked": "0.1.3"
        },
        "io.dropwizard.metrics:metrics-core": {
            "locked": "3.2.3"
        },
        "javax.ws.rs:javax.ws.rs-api": {
            "locked": "2.0.1"
        },
        "net.jcip:jcip-annotations": {
            "locked": "1.0",
            "transitive": [
                "com.google.code.findbugs:annotations"
            ]
        },
        "net.jpountz.lz4:lz4": {
            "locked": "1.3.0"
        },
        "org.apache.commons:commons-math3": {
            "locked": "3.2",
            "requested": "3.2"
        },
        "org.slf4j:slf4j-api": {
            "locked": "1.7.25"
        }
    }
}