{
    "compileClasspath": {
        "com.fasterxml.jackson.core:jackson-annotations": {
            "locked": "2.6.7",
            "transitive": [
                "com.fasterxml.jackson.core:jackson-databind",
                "com.palantir.atlasdb:atlasdb-api",
                "com.palantir.atlasdb:atlasdb-commons",
                "com.palantir.atlasdb:lock-api",
                "com.palantir.atlasdb:timestamp-api",
                "com.palantir.atlasdb:timestamp-client"
            ]
        },
        "com.fasterxml.jackson.core:jackson-core": {
            "locked": "2.6.7",
            "transitive": [
                "com.fasterxml.jackson.core:jackson-databind",
                "com.fasterxml.jackson.dataformat:jackson-dataformat-cbor",
                "com.fasterxml.jackson.datatype:jackson-datatype-guava",
                "com.fasterxml.jackson.datatype:jackson-datatype-jdk8",
                "com.fasterxml.jackson.datatype:jackson-datatype-jsr310",
                "com.fasterxml.jackson.jaxrs:jackson-jaxrs-base",
                "com.fasterxml.jackson.jaxrs:jackson-jaxrs-cbor-provider",
                "com.fasterxml.jackson.module:jackson-module-afterburner",
                "com.fasterxml.jackson.module:jackson-module-jaxb-annotations",
                "com.palantir.atlasdb:atlasdb-client"
            ]
        },
        "com.fasterxml.jackson.core:jackson-databind": {
            "locked": "2.6.7",
            "transitive": [
                "com.fasterxml.jackson.datatype:jackson-datatype-guava",
                "com.fasterxml.jackson.datatype:jackson-datatype-jdk8",
                "com.fasterxml.jackson.datatype:jackson-datatype-jsr310",
                "com.fasterxml.jackson.jaxrs:jackson-jaxrs-base",
                "com.fasterxml.jackson.jaxrs:jackson-jaxrs-cbor-provider",
                "com.fasterxml.jackson.module:jackson-module-afterburner",
                "com.fasterxml.jackson.module:jackson-module-jaxb-annotations",
                "com.netflix.feign:feign-jackson",
                "com.palantir.atlasdb:atlasdb-api",
                "com.palantir.atlasdb:atlasdb-client",
                "com.palantir.atlasdb:atlasdb-persistent-lock-api",
                "com.palantir.atlasdb:lock-api",
                "com.palantir.atlasdb:qos-service-api",
                "com.palantir.atlasdb:timestamp-client",
                "com.palantir.remoting-api:errors",
                "com.palantir.remoting-api:ssl-config",
                "com.palantir.remoting-api:tracing",
                "com.palantir.remoting3:jackson-support",
                "com.palantir.remoting3:keystores",
                "com.palantir.remoting3:tracing",
                "com.palantir.tokens:auth-tokens"
            ]
        },
        "com.fasterxml.jackson.dataformat:jackson-dataformat-cbor": {
            "locked": "2.6.7",
            "transitive": [
                "com.fasterxml.jackson.jaxrs:jackson-jaxrs-cbor-provider",
                "com.palantir.remoting3:jackson-support"
            ]
        },
        "com.fasterxml.jackson.datatype:jackson-datatype-guava": {
            "locked": "2.6.7",
            "transitive": [
                "com.palantir.atlasdb:atlasdb-client",
                "com.palantir.remoting3:jackson-support",
                "com.palantir.remoting3:tracing"
            ]
        },
        "com.fasterxml.jackson.datatype:jackson-datatype-jdk8": {
            "locked": "2.6.7",
            "transitive": [
                "com.palantir.remoting3:jackson-support",
                "com.palantir.remoting3:tracing",
                "com.palantir.tokens:auth-tokens"
            ]
        },
        "com.fasterxml.jackson.datatype:jackson-datatype-jsr310": {
            "locked": "2.6.7",
            "transitive": [
                "com.palantir.remoting3:jackson-support"
            ]
        },
        "com.fasterxml.jackson.jaxrs:jackson-jaxrs-base": {
            "locked": "2.6.7",
            "transitive": [
                "com.fasterxml.jackson.jaxrs:jackson-jaxrs-cbor-provider"
            ]
        },
        "com.fasterxml.jackson.jaxrs:jackson-jaxrs-cbor-provider": {
            "locked": "2.6.7",
            "transitive": [
                "com.palantir.remoting3:jersey-servers"
            ]
        },
        "com.fasterxml.jackson.module:jackson-module-afterburner": {
            "locked": "2.6.7",
            "transitive": [
                "com.palantir.remoting3:jackson-support",
                "com.palantir.remoting3:jersey-servers",
                "com.palantir.remoting3:tracing"
            ]
        },
        "com.fasterxml.jackson.module:jackson-module-jaxb-annotations": {
            "locked": "2.6.7",
            "transitive": [
                "com.fasterxml.jackson.jaxrs:jackson-jaxrs-cbor-provider"
            ]
        },
        "com.google.code.findbugs:annotations": {
            "locked": "3.0.1",
            "transitive": [
                "com.palantir.atlasdb:atlasdb-api",
                "com.palantir.atlasdb:atlasdb-client",
                "com.palantir.atlasdb:atlasdb-client-protobufs",
                "com.palantir.atlasdb:atlasdb-commons",
                "com.palantir.atlasdb:atlasdb-lock-api",
                "com.palantir.atlasdb:atlasdb-persistent-lock-api",
                "com.palantir.atlasdb:commons-annotations",
                "com.palantir.atlasdb:commons-executors",
                "com.palantir.atlasdb:commons-executors-api",
                "com.palantir.atlasdb:lock-api",
                "com.palantir.atlasdb:lock-impl",
                "com.palantir.atlasdb:qos-service-api",
                "com.palantir.atlasdb:timestamp-api",
                "com.palantir.atlasdb:timestamp-client",
                "com.palantir.tritium:tritium-api",
                "com.palantir.tritium:tritium-core",
                "com.palantir.tritium:tritium-lib",
                "com.palantir.tritium:tritium-metrics",
                "com.palantir.tritium:tritium-slf4j",
                "com.palantir.tritium:tritium-tracing"
            ]
        },
        "com.google.code.findbugs:jsr305": {
            "locked": "3.0.1",
            "transitive": [
                "com.google.code.findbugs:annotations",
                "com.google.guava:guava",
                "com.palantir.atlasdb:atlasdb-commons",
                "com.palantir.remoting-api:errors"
            ]
        },
        "com.google.errorprone:error_prone_annotations": {
            "locked": "2.3.1",
            "transitive": [
                "com.google.guava:guava",
                "com.palantir.safe-logging:preconditions"
            ]
        },
        "com.google.guava:guava": {
            "locked": "23.6-jre",
            "transitive": [
                "com.fasterxml.jackson.datatype:jackson-datatype-guava",
                "com.palantir.atlasdb:atlasdb-commons",
                "com.palantir.common:streams",
                "com.palantir.remoting3:error-handling",
                "com.palantir.remoting3:jaxrs-clients",
                "com.palantir.remoting3:keystores",
                "com.palantir.remoting3:okhttp-clients",
                "com.palantir.remoting3:refresh-utils",
                "com.palantir.remoting3:tracing",
                "com.palantir.tritium:tritium-core",
                "com.palantir.tritium:tritium-lib",
                "com.palantir.tritium:tritium-metrics"
            ]
        },
        "com.google.j2objc:j2objc-annotations": {
            "locked": "1.1",
            "transitive": [
                "com.google.guava:guava"
            ]
        },
        "com.google.protobuf:protobuf-java": {
            "locked": "3.5.1",
            "transitive": [
                "com.palantir.atlasdb:atlasdb-client",
                "com.palantir.atlasdb:atlasdb-client-protobufs"
            ]
        },
        "com.googlecode.json-simple:json-simple": {
            "locked": "1.1.1",
            "transitive": [
                "com.palantir.atlasdb:atlasdb-client"
            ]
        },
        "com.googlecode.protobuf-java-format:protobuf-java-format": {
            "locked": "1.2",
            "transitive": [
                "com.palantir.atlasdb:atlasdb-client"
            ]
        },
        "com.jcraft:jzlib": {
            "locked": "1.1.3",
            "transitive": [
                "com.palantir.remoting3:jersey-servers"
            ]
        },
        "com.netflix.feign:feign-core": {
            "locked": "8.17.0",
            "transitive": [
                "com.netflix.feign:feign-jackson",
                "com.netflix.feign:feign-jaxrs",
                "com.netflix.feign:feign-okhttp",
                "com.netflix.feign:feign-slf4j"
            ]
        },
        "com.netflix.feign:feign-jackson": {
            "locked": "8.17.0",
            "transitive": [
                "com.palantir.remoting3:jaxrs-clients"
            ]
        },
        "com.netflix.feign:feign-jaxrs": {
            "locked": "8.17.0",
            "transitive": [
                "com.palantir.remoting3:jaxrs-clients"
            ]
        },
        "com.netflix.feign:feign-okhttp": {
            "locked": "8.17.0",
            "transitive": [
                "com.palantir.remoting3:jaxrs-clients"
            ]
        },
        "com.netflix.feign:feign-slf4j": {
            "locked": "8.17.0",
            "transitive": [
                "com.palantir.remoting3:jaxrs-clients"
            ]
        },
        "com.palantir.atlasdb:atlasdb-api": {
            "project": true,
            "transitive": [
                "com.palantir.atlasdb:atlasdb-client",
                "com.palantir.atlasdb:atlasdb-lock-api"
            ]
        },
        "com.palantir.atlasdb:atlasdb-client": {
            "project": true
        },
        "com.palantir.atlasdb:atlasdb-client-protobufs": {
            "project": true,
            "transitive": [
                "com.palantir.atlasdb:atlasdb-client"
            ]
        },
        "com.palantir.atlasdb:atlasdb-commons": {
            "project": true,
            "transitive": [
                "com.palantir.atlasdb:atlasdb-api",
                "com.palantir.atlasdb:atlasdb-client",
                "com.palantir.atlasdb:lock-api",
                "com.palantir.atlasdb:lock-impl",
                "com.palantir.atlasdb:timestamp-client"
            ]
        },
        "com.palantir.atlasdb:atlasdb-lock-api": {
            "project": true
        },
        "com.palantir.atlasdb:atlasdb-persistent-lock-api": {
            "project": true
        },
        "com.palantir.atlasdb:commons-annotations": {
            "project": true,
            "transitive": [
                "com.palantir.atlasdb:atlasdb-commons"
            ]
        },
        "com.palantir.atlasdb:commons-executors": {
            "project": true,
            "transitive": [
                "com.palantir.atlasdb:atlasdb-commons"
            ]
        },
        "com.palantir.atlasdb:commons-executors-api": {
            "project": true,
            "transitive": [
                "com.palantir.atlasdb:commons-executors"
            ]
        },
        "com.palantir.atlasdb:lock-api": {
            "project": true,
            "transitive": [
                "com.palantir.atlasdb:atlasdb-lock-api",
                "com.palantir.atlasdb:lock-impl"
            ]
        },
        "com.palantir.atlasdb:lock-impl": {
            "project": true
        },
        "com.palantir.atlasdb:qos-service-api": {
            "project": true,
            "transitive": [
                "com.palantir.atlasdb:atlasdb-api",
                "com.palantir.atlasdb:atlasdb-client"
            ]
        },
        "com.palantir.atlasdb:timestamp-api": {
            "project": true,
            "transitive": [
                "com.palantir.atlasdb:atlasdb-api",
                "com.palantir.atlasdb:lock-api",
                "com.palantir.atlasdb:timestamp-client"
            ]
        },
        "com.palantir.atlasdb:timestamp-client": {
            "project": true
        },
        "com.palantir.common:streams": {
            "locked": "1.9.0"
        },
        "com.palantir.patches.sourceforge:trove3": {
            "locked": "3.0.3-p5",
            "requested": "3.0.3-p5",
            "transitive": [
                "com.palantir.atlasdb:lock-impl"
            ]
        },
        "com.palantir.remoting-api:errors": {
            "locked": "1.7.0",
            "transitive": [
                "com.palantir.remoting3:error-handling"
            ]
        },
        "com.palantir.remoting-api:service-config": {
            "locked": "1.7.0",
            "transitive": [
                "com.palantir.remoting3:http-clients"
            ]
        },
        "com.palantir.remoting-api:ssl-config": {
            "locked": "1.7.0",
            "transitive": [
                "com.palantir.atlasdb:atlasdb-api",
                "com.palantir.remoting-api:service-config",
                "com.palantir.remoting3:keystores"
            ]
        },
        "com.palantir.remoting-api:tracing": {
            "locked": "1.7.0",
            "transitive": [
                "com.palantir.remoting3:tracing"
            ]
        },
        "com.palantir.remoting3:error-handling": {
            "locked": "3.22.0",
            "transitive": [
                "com.palantir.remoting3:jaxrs-clients",
                "com.palantir.remoting3:jersey-servers",
                "com.palantir.remoting3:okhttp-clients"
            ]
        },
        "com.palantir.remoting3:http-clients": {
            "locked": "3.22.0",
            "transitive": [
                "com.palantir.remoting3:jaxrs-clients",
                "com.palantir.remoting3:okhttp-clients"
            ]
        },
        "com.palantir.remoting3:jackson-support": {
            "locked": "3.22.0",
            "transitive": [
                "com.palantir.remoting3:error-handling",
                "com.palantir.remoting3:jaxrs-clients",
                "com.palantir.remoting3:tracing"
            ]
        },
        "com.palantir.remoting3:jaxrs-clients": {
            "locked": "3.22.0",
            "transitive": [
                "com.palantir.atlasdb:atlasdb-api",
                "com.palantir.atlasdb:qos-service-api"
            ]
        },
        "com.palantir.remoting3:jersey-servers": {
            "locked": "3.22.0"
        },
        "com.palantir.remoting3:keystores": {
            "locked": "3.22.0",
            "transitive": [
                "com.palantir.remoting3:http-clients",
                "com.palantir.remoting3:jaxrs-clients"
            ]
        },
        "com.palantir.remoting3:okhttp-clients": {
            "locked": "3.22.0",
            "transitive": [
                "com.palantir.remoting3:jaxrs-clients"
            ]
        },
        "com.palantir.remoting3:refresh-utils": {
            "locked": "3.22.0",
            "transitive": [
                "com.palantir.remoting3:jaxrs-clients"
            ]
        },
        "com.palantir.remoting3:tracing": {
            "locked": "3.22.0",
            "transitive": [
                "com.palantir.atlasdb:atlasdb-client",
                "com.palantir.atlasdb:commons-executors",
                "com.palantir.atlasdb:lock-impl",
                "com.palantir.remoting3:jersey-servers",
                "com.palantir.remoting3:tracing-okhttp3"
            ]
        },
        "com.palantir.remoting3:tracing-okhttp3": {
            "locked": "3.22.0",
            "transitive": [
                "com.palantir.remoting3:jaxrs-clients",
                "com.palantir.remoting3:okhttp-clients"
            ]
        },
        "com.palantir.safe-logging:preconditions": {
            "locked": "1.3.0",
            "transitive": [
                "com.palantir.remoting3:okhttp-clients"
            ]
        },
        "com.palantir.safe-logging:safe-logging": {
            "locked": "1.3.0",
            "transitive": [
                "com.palantir.atlasdb:atlasdb-client",
                "com.palantir.atlasdb:atlasdb-commons",
                "com.palantir.atlasdb:lock-api",
                "com.palantir.atlasdb:lock-impl",
                "com.palantir.atlasdb:qos-service-api",
                "com.palantir.atlasdb:timestamp-api",
                "com.palantir.remoting-api:errors",
                "com.palantir.remoting3:http-clients",
                "com.palantir.remoting3:jersey-servers",
                "com.palantir.remoting3:tracing",
                "com.palantir.safe-logging:preconditions",
                "com.palantir.tritium:tritium-core",
                "com.palantir.tritium:tritium-lib",
                "com.palantir.tritium:tritium-metrics",
                "com.palantir.tritium:tritium-registry",
                "com.palantir.tritium:tritium-slf4j",
                "com.palantir.tritium:tritium-tracing"
            ]
        },
        "com.palantir.tokens:auth-tokens": {
            "locked": "3.0.0",
            "transitive": [
                "com.palantir.remoting-api:service-config"
            ]
        },
        "com.palantir.tritium:tritium-api": {
            "locked": "0.9.0",
            "transitive": [
                "com.palantir.tritium:tritium-core",
                "com.palantir.tritium:tritium-lib",
                "com.palantir.tritium:tritium-metrics",
                "com.palantir.tritium:tritium-slf4j",
                "com.palantir.tritium:tritium-tracing"
            ]
        },
        "com.palantir.tritium:tritium-core": {
            "locked": "0.9.0",
            "transitive": [
                "com.palantir.tritium:tritium-lib",
                "com.palantir.tritium:tritium-metrics",
                "com.palantir.tritium:tritium-slf4j",
                "com.palantir.tritium:tritium-tracing"
            ]
        },
        "com.palantir.tritium:tritium-lib": {
            "locked": "0.9.0",
            "transitive": [
                "com.palantir.atlasdb:atlasdb-client"
            ]
        },
        "com.palantir.tritium:tritium-metrics": {
            "locked": "0.9.0",
            "transitive": [
                "com.palantir.atlasdb:atlasdb-client",
                "com.palantir.tritium:tritium-lib"
            ]
        },
        "com.palantir.tritium:tritium-proxy": {
            "locked": "0.9.0",
            "transitive": [
                "com.palantir.tritium:tritium-lib"
            ]
        },
        "com.palantir.tritium:tritium-registry": {
            "locked": "0.9.0",
            "transitive": [
                "com.palantir.atlasdb:atlasdb-client",
                "com.palantir.remoting3:okhttp-clients"
            ]
        },
        "com.palantir.tritium:tritium-slf4j": {
            "locked": "0.9.0",
            "transitive": [
                "com.palantir.tritium:tritium-lib"
            ]
        },
        "com.palantir.tritium:tritium-tracing": {
            "locked": "0.9.0",
            "transitive": [
                "com.palantir.tritium:tritium-lib"
            ]
        },
        "com.squareup.okhttp3:logging-interceptor": {
            "locked": "3.8.1",
            "transitive": [
                "com.palantir.remoting3:okhttp-clients"
            ]
        },
        "com.squareup.okhttp3:okhttp": {
            "locked": "3.8.1",
            "transitive": [
                "com.netflix.feign:feign-okhttp",
                "com.palantir.remoting3:okhttp-clients",
                "com.palantir.remoting3:tracing-okhttp3",
                "com.squareup.okhttp3:logging-interceptor"
            ]
        },
        "com.squareup.okio:okio": {
            "locked": "1.13.0",
            "transitive": [
                "com.squareup.okhttp3:okhttp"
            ]
        },
        "com.squareup:javapoet": {
            "locked": "1.9.0",
            "transitive": [
                "com.palantir.atlasdb:atlasdb-client"
            ]
        },
        "commons-lang:commons-lang": {
            "locked": "2.6",
            "transitive": [
                "com.palantir.atlasdb:atlasdb-client"
            ]
        },
        "io.dropwizard.metrics:metrics-core": {
            "locked": "3.2.3",
            "transitive": [
                "com.palantir.atlasdb:atlasdb-commons",
                "com.palantir.remoting3:okhttp-clients",
                "com.palantir.tritium:tritium-registry"
            ]
        },
        "javax.validation:validation-api": {
            "locked": "1.1.0.Final",
            "transitive": [
                "com.palantir.atlasdb:atlasdb-api"
            ]
        },
        "javax.ws.rs:javax.ws.rs-api": {
            "locked": "2.0.1",
            "transitive": [
                "com.palantir.atlasdb:atlasdb-api",
                "com.palantir.atlasdb:atlasdb-commons",
                "com.palantir.atlasdb:atlasdb-persistent-lock-api",
                "com.palantir.atlasdb:lock-api",
                "com.palantir.atlasdb:qos-service-api",
                "com.palantir.atlasdb:timestamp-api",
                "com.palantir.remoting-api:errors",
                "com.palantir.remoting3:error-handling",
                "com.palantir.remoting3:jaxrs-clients"
            ]
        },
        "joda-time:joda-time": {
            "locked": "2.9",
            "transitive": [
                "com.palantir.atlasdb:lock-impl"
            ]
        },
        "net.jcip:jcip-annotations": {
            "locked": "1.0",
            "transitive": [
                "com.google.code.findbugs:annotations"
            ]
        },
        "net.jpountz.lz4:lz4": {
            "locked": "1.3.0",
            "transitive": [
                "com.palantir.atlasdb:atlasdb-commons"
            ]
        },
        "org.apache.commons:commons-lang3": {
            "locked": "3.4",
            "transitive": [
                "com.palantir.atlasdb:atlasdb-api"
            ]
        },
        "org.apache.commons:commons-math3": {
            "locked": "3.2",
            "transitive": [
                "com.palantir.atlasdb:atlasdb-commons"
            ]
        },
        "org.checkerframework:checker-compat-qual": {
            "locked": "2.0.0",
            "transitive": [
                "com.google.guava:guava"
            ]
        },
        "org.codehaus.mojo:animal-sniffer-annotations": {
            "locked": "1.14",
            "transitive": [
                "com.google.guava:guava"
            ]
        },
        "org.hdrhistogram:HdrHistogram": {
            "locked": "2.1.10",
            "transitive": [
                "com.palantir.atlasdb:atlasdb-client"
            ]
        },
        "org.jvnet:animal-sniffer-annotation": {
            "locked": "1.0",
            "transitive": [
                "com.netflix.feign:feign-core"
            ]
        },
        "org.mpierce.metrics.reservoir:hdrhistogram-metrics-reservoir": {
            "locked": "1.1.2",
            "transitive": [
                "com.palantir.tritium:tritium-metrics"
            ]
        },
        "org.slf4j:slf4j-api": {
            "locked": "1.7.25",
            "transitive": [
                "com.netflix.feign:feign-slf4j",
                "com.palantir.atlasdb:atlasdb-commons",
                "com.palantir.remoting3:error-handling",
                "com.palantir.remoting3:jaxrs-clients",
                "com.palantir.remoting3:okhttp-clients",
                "com.palantir.remoting3:tracing",
                "com.palantir.tokens:auth-tokens",
                "com.palantir.tritium:tritium-core",
                "com.palantir.tritium:tritium-lib",
                "com.palantir.tritium:tritium-metrics",
                "com.palantir.tritium:tritium-slf4j",
                "com.palantir.tritium:tritium-tracing",
                "io.dropwizard.metrics:metrics-core"
            ]
        },
        "org.xerial.snappy:snappy-java": {
            "locked": "1.1.1.7",
            "transitive": [
                "com.palantir.atlasdb:atlasdb-client"
            ]
        },
        "org.yaml:snakeyaml": {
            "locked": "1.12",
            "transitive": [
                "com.palantir.atlasdb:lock-impl"
            ]
        }
    },
    "runtime": {
        "com.fasterxml.jackson.core:jackson-annotations": {
            "locked": "2.6.7",
            "transitive": [
                "com.fasterxml.jackson.core:jackson-databind",
                "com.palantir.atlasdb:atlasdb-api",
                "com.palantir.atlasdb:atlasdb-commons",
                "com.palantir.atlasdb:lock-api",
                "com.palantir.atlasdb:timestamp-api",
                "com.palantir.atlasdb:timestamp-client"
            ]
        },
        "com.fasterxml.jackson.core:jackson-core": {
            "locked": "2.6.7",
            "transitive": [
                "com.fasterxml.jackson.core:jackson-databind",
                "com.fasterxml.jackson.dataformat:jackson-dataformat-cbor",
                "com.fasterxml.jackson.datatype:jackson-datatype-guava",
                "com.fasterxml.jackson.datatype:jackson-datatype-jdk8",
                "com.fasterxml.jackson.datatype:jackson-datatype-jsr310",
                "com.fasterxml.jackson.jaxrs:jackson-jaxrs-base",
                "com.fasterxml.jackson.jaxrs:jackson-jaxrs-cbor-provider",
                "com.fasterxml.jackson.module:jackson-module-afterburner",
                "com.fasterxml.jackson.module:jackson-module-jaxb-annotations",
                "com.palantir.atlasdb:atlasdb-client"
            ]
        },
        "com.fasterxml.jackson.core:jackson-databind": {
            "locked": "2.6.7",
            "transitive": [
                "com.fasterxml.jackson.datatype:jackson-datatype-guava",
                "com.fasterxml.jackson.datatype:jackson-datatype-jdk8",
                "com.fasterxml.jackson.datatype:jackson-datatype-jsr310",
                "com.fasterxml.jackson.jaxrs:jackson-jaxrs-base",
                "com.fasterxml.jackson.jaxrs:jackson-jaxrs-cbor-provider",
                "com.fasterxml.jackson.module:jackson-module-afterburner",
                "com.fasterxml.jackson.module:jackson-module-jaxb-annotations",
                "com.netflix.feign:feign-jackson",
                "com.palantir.atlasdb:atlasdb-api",
                "com.palantir.atlasdb:atlasdb-client",
                "com.palantir.atlasdb:atlasdb-persistent-lock-api",
                "com.palantir.atlasdb:lock-api",
                "com.palantir.atlasdb:qos-service-api",
                "com.palantir.atlasdb:timestamp-client",
                "com.palantir.remoting-api:errors",
                "com.palantir.remoting-api:ssl-config",
                "com.palantir.remoting-api:tracing",
                "com.palantir.remoting3:jackson-support",
                "com.palantir.remoting3:keystores",
                "com.palantir.remoting3:tracing",
                "com.palantir.tokens:auth-tokens"
            ]
        },
        "com.fasterxml.jackson.dataformat:jackson-dataformat-cbor": {
            "locked": "2.6.7",
            "transitive": [
                "com.fasterxml.jackson.jaxrs:jackson-jaxrs-cbor-provider",
                "com.palantir.remoting3:jackson-support"
            ]
        },
        "com.fasterxml.jackson.datatype:jackson-datatype-guava": {
            "locked": "2.6.7",
            "transitive": [
                "com.palantir.atlasdb:atlasdb-client",
                "com.palantir.remoting3:jackson-support",
                "com.palantir.remoting3:tracing"
            ]
        },
        "com.fasterxml.jackson.datatype:jackson-datatype-jdk8": {
            "locked": "2.6.7",
            "transitive": [
                "com.palantir.remoting3:jackson-support",
                "com.palantir.remoting3:tracing",
                "com.palantir.tokens:auth-tokens"
            ]
        },
        "com.fasterxml.jackson.datatype:jackson-datatype-jsr310": {
            "locked": "2.6.7",
            "transitive": [
                "com.palantir.remoting3:jackson-support"
            ]
        },
        "com.fasterxml.jackson.jaxrs:jackson-jaxrs-base": {
            "locked": "2.6.7",
            "transitive": [
                "com.fasterxml.jackson.jaxrs:jackson-jaxrs-cbor-provider"
            ]
        },
        "com.fasterxml.jackson.jaxrs:jackson-jaxrs-cbor-provider": {
            "locked": "2.6.7",
            "transitive": [
                "com.palantir.remoting3:jersey-servers"
            ]
        },
        "com.fasterxml.jackson.module:jackson-module-afterburner": {
            "locked": "2.6.7",
            "transitive": [
                "com.palantir.remoting3:jackson-support",
                "com.palantir.remoting3:jersey-servers",
                "com.palantir.remoting3:tracing"
            ]
        },
        "com.fasterxml.jackson.module:jackson-module-jaxb-annotations": {
            "locked": "2.6.7",
            "transitive": [
                "com.fasterxml.jackson.jaxrs:jackson-jaxrs-cbor-provider"
            ]
        },
        "com.google.code.findbugs:annotations": {
            "locked": "3.0.1",
            "transitive": [
                "com.palantir.atlasdb:atlasdb-api",
                "com.palantir.atlasdb:atlasdb-client",
                "com.palantir.atlasdb:atlasdb-client-protobufs",
                "com.palantir.atlasdb:atlasdb-commons",
                "com.palantir.atlasdb:atlasdb-lock-api",
                "com.palantir.atlasdb:atlasdb-persistent-lock-api",
                "com.palantir.atlasdb:commons-annotations",
                "com.palantir.atlasdb:commons-executors",
                "com.palantir.atlasdb:commons-executors-api",
                "com.palantir.atlasdb:lock-api",
                "com.palantir.atlasdb:lock-impl",
                "com.palantir.atlasdb:qos-service-api",
                "com.palantir.atlasdb:timestamp-api",
                "com.palantir.atlasdb:timestamp-client",
                "com.palantir.tritium:tritium-api",
                "com.palantir.tritium:tritium-core",
                "com.palantir.tritium:tritium-lib",
                "com.palantir.tritium:tritium-metrics",
                "com.palantir.tritium:tritium-slf4j",
                "com.palantir.tritium:tritium-tracing"
            ]
        },
        "com.google.code.findbugs:jsr305": {
            "locked": "3.0.1",
            "transitive": [
                "com.google.code.findbugs:annotations",
                "com.google.guava:guava",
                "com.palantir.atlasdb:atlasdb-commons",
                "com.palantir.remoting-api:errors"
            ]
        },
        "com.google.errorprone:error_prone_annotations": {
            "locked": "2.3.1",
            "transitive": [
                "com.google.guava:guava",
                "com.palantir.safe-logging:preconditions"
            ]
        },
        "com.google.guava:guava": {
            "locked": "23.6-jre",
            "transitive": [
                "com.fasterxml.jackson.datatype:jackson-datatype-guava",
                "com.palantir.atlasdb:atlasdb-commons",
                "com.palantir.common:streams",
                "com.palantir.remoting3:error-handling",
                "com.palantir.remoting3:jaxrs-clients",
                "com.palantir.remoting3:keystores",
                "com.palantir.remoting3:okhttp-clients",
                "com.palantir.remoting3:refresh-utils",
                "com.palantir.remoting3:tracing",
                "com.palantir.tritium:tritium-core",
                "com.palantir.tritium:tritium-lib",
                "com.palantir.tritium:tritium-metrics"
            ]
        },
        "com.google.j2objc:j2objc-annotations": {
            "locked": "1.1",
            "transitive": [
                "com.google.guava:guava"
            ]
        },
        "com.google.protobuf:protobuf-java": {
            "locked": "3.5.1",
            "transitive": [
                "com.palantir.atlasdb:atlasdb-client",
                "com.palantir.atlasdb:atlasdb-client-protobufs"
            ]
        },
        "com.googlecode.json-simple:json-simple": {
            "locked": "1.1.1",
            "transitive": [
                "com.palantir.atlasdb:atlasdb-client"
            ]
        },
        "com.googlecode.protobuf-java-format:protobuf-java-format": {
            "locked": "1.2",
            "transitive": [
                "com.palantir.atlasdb:atlasdb-client"
            ]
        },
        "com.jcraft:jzlib": {
            "locked": "1.1.3",
            "transitive": [
                "com.palantir.remoting3:jersey-servers"
            ]
        },
        "com.netflix.feign:feign-core": {
            "locked": "8.17.0",
            "transitive": [
                "com.netflix.feign:feign-jackson",
                "com.netflix.feign:feign-jaxrs",
                "com.netflix.feign:feign-okhttp",
                "com.netflix.feign:feign-slf4j"
            ]
        },
        "com.netflix.feign:feign-jackson": {
            "locked": "8.17.0",
            "transitive": [
                "com.palantir.remoting3:jaxrs-clients"
            ]
        },
        "com.netflix.feign:feign-jaxrs": {
            "locked": "8.17.0",
            "transitive": [
                "com.palantir.remoting3:jaxrs-clients"
            ]
        },
        "com.netflix.feign:feign-okhttp": {
            "locked": "8.17.0",
            "transitive": [
                "com.palantir.remoting3:jaxrs-clients"
            ]
        },
        "com.netflix.feign:feign-slf4j": {
            "locked": "8.17.0",
            "transitive": [
                "com.palantir.remoting3:jaxrs-clients"
            ]
        },
        "com.palantir.atlasdb:atlasdb-api": {
            "project": true,
            "transitive": [
                "com.palantir.atlasdb:atlasdb-client",
                "com.palantir.atlasdb:atlasdb-lock-api"
            ]
        },
        "com.palantir.atlasdb:atlasdb-client": {
            "project": true
        },
        "com.palantir.atlasdb:atlasdb-client-protobufs": {
            "project": true,
            "transitive": [
                "com.palantir.atlasdb:atlasdb-client"
            ]
        },
        "com.palantir.atlasdb:atlasdb-commons": {
            "project": true,
            "transitive": [
                "com.palantir.atlasdb:atlasdb-api",
                "com.palantir.atlasdb:atlasdb-client",
                "com.palantir.atlasdb:lock-api",
                "com.palantir.atlasdb:lock-impl",
                "com.palantir.atlasdb:timestamp-client"
            ]
        },
        "com.palantir.atlasdb:atlasdb-lock-api": {
            "project": true
        },
        "com.palantir.atlasdb:atlasdb-persistent-lock-api": {
            "project": true
        },
        "com.palantir.atlasdb:commons-annotations": {
            "project": true,
            "transitive": [
                "com.palantir.atlasdb:atlasdb-commons"
            ]
        },
        "com.palantir.atlasdb:commons-executors": {
            "project": true,
            "transitive": [
                "com.palantir.atlasdb:atlasdb-commons"
            ]
        },
        "com.palantir.atlasdb:commons-executors-api": {
            "project": true,
            "transitive": [
                "com.palantir.atlasdb:commons-executors"
            ]
        },
        "com.palantir.atlasdb:lock-api": {
            "project": true,
            "transitive": [
                "com.palantir.atlasdb:atlasdb-lock-api",
                "com.palantir.atlasdb:lock-impl"
            ]
        },
        "com.palantir.atlasdb:lock-impl": {
            "project": true
        },
        "com.palantir.atlasdb:qos-service-api": {
            "project": true,
            "transitive": [
                "com.palantir.atlasdb:atlasdb-api",
                "com.palantir.atlasdb:atlasdb-client"
            ]
        },
        "com.palantir.atlasdb:timestamp-api": {
            "project": true,
            "transitive": [
                "com.palantir.atlasdb:atlasdb-api",
                "com.palantir.atlasdb:lock-api",
                "com.palantir.atlasdb:timestamp-client"
            ]
        },
        "com.palantir.atlasdb:timestamp-client": {
            "project": true
        },
        "com.palantir.common:streams": {
            "locked": "1.9.0"
        },
        "com.palantir.patches.sourceforge:trove3": {
            "locked": "3.0.3-p5",
            "requested": "3.0.3-p5",
            "transitive": [
                "com.palantir.atlasdb:lock-impl"
            ]
        },
        "com.palantir.remoting-api:errors": {
            "locked": "1.7.0",
            "transitive": [
                "com.palantir.remoting3:error-handling"
            ]
        },
        "com.palantir.remoting-api:service-config": {
            "locked": "1.7.0",
            "transitive": [
                "com.palantir.remoting3:http-clients"
            ]
        },
        "com.palantir.remoting-api:ssl-config": {
            "locked": "1.7.0",
            "transitive": [
                "com.palantir.atlasdb:atlasdb-api",
                "com.palantir.remoting-api:service-config",
                "com.palantir.remoting3:keystores"
            ]
        },
        "com.palantir.remoting-api:tracing": {
            "locked": "1.7.0",
            "transitive": [
                "com.palantir.remoting3:tracing"
            ]
        },
        "com.palantir.remoting3:error-handling": {
            "locked": "3.22.0",
            "transitive": [
                "com.palantir.remoting3:jaxrs-clients",
                "com.palantir.remoting3:jersey-servers",
                "com.palantir.remoting3:okhttp-clients"
            ]
        },
        "com.palantir.remoting3:http-clients": {
            "locked": "3.22.0",
            "transitive": [
                "com.palantir.remoting3:jaxrs-clients",
                "com.palantir.remoting3:okhttp-clients"
            ]
        },
        "com.palantir.remoting3:jackson-support": {
            "locked": "3.22.0",
            "transitive": [
                "com.palantir.remoting3:error-handling",
                "com.palantir.remoting3:jaxrs-clients",
                "com.palantir.remoting3:tracing"
            ]
        },
        "com.palantir.remoting3:jaxrs-clients": {
            "locked": "3.22.0",
            "transitive": [
                "com.palantir.atlasdb:atlasdb-api",
                "com.palantir.atlasdb:qos-service-api"
            ]
        },
        "com.palantir.remoting3:jersey-servers": {
            "locked": "3.22.0"
        },
        "com.palantir.remoting3:keystores": {
            "locked": "3.22.0",
            "transitive": [
                "com.palantir.remoting3:http-clients",
                "com.palantir.remoting3:jaxrs-clients"
            ]
        },
        "com.palantir.remoting3:okhttp-clients": {
            "locked": "3.22.0",
            "transitive": [
                "com.palantir.remoting3:jaxrs-clients"
            ]
        },
        "com.palantir.remoting3:refresh-utils": {
            "locked": "3.22.0",
            "transitive": [
                "com.palantir.remoting3:jaxrs-clients"
            ]
        },
        "com.palantir.remoting3:tracing": {
            "locked": "3.22.0",
            "transitive": [
                "com.palantir.atlasdb:atlasdb-client",
                "com.palantir.atlasdb:commons-executors",
                "com.palantir.atlasdb:lock-impl",
                "com.palantir.remoting3:jersey-servers",
                "com.palantir.remoting3:tracing-okhttp3"
            ]
        },
        "com.palantir.remoting3:tracing-okhttp3": {
            "locked": "3.22.0",
            "transitive": [
                "com.palantir.remoting3:jaxrs-clients",
                "com.palantir.remoting3:okhttp-clients"
            ]
        },
        "com.palantir.safe-logging:preconditions": {
            "locked": "1.3.0",
            "transitive": [
                "com.palantir.remoting3:okhttp-clients"
            ]
        },
        "com.palantir.safe-logging:safe-logging": {
            "locked": "1.3.0",
            "transitive": [
                "com.palantir.atlasdb:atlasdb-client",
                "com.palantir.atlasdb:atlasdb-commons",
                "com.palantir.atlasdb:lock-api",
                "com.palantir.atlasdb:lock-impl",
                "com.palantir.atlasdb:qos-service-api",
                "com.palantir.atlasdb:timestamp-api",
                "com.palantir.remoting-api:errors",
                "com.palantir.remoting3:http-clients",
                "com.palantir.remoting3:jersey-servers",
                "com.palantir.remoting3:tracing",
                "com.palantir.safe-logging:preconditions",
                "com.palantir.tritium:tritium-core",
                "com.palantir.tritium:tritium-lib",
                "com.palantir.tritium:tritium-metrics",
                "com.palantir.tritium:tritium-registry",
                "com.palantir.tritium:tritium-slf4j",
                "com.palantir.tritium:tritium-tracing"
            ]
        },
        "com.palantir.tokens:auth-tokens": {
            "locked": "3.0.0",
            "transitive": [
                "com.palantir.remoting-api:service-config"
            ]
        },
        "com.palantir.tritium:tritium-api": {
            "locked": "0.9.0",
            "transitive": [
                "com.palantir.tritium:tritium-core",
                "com.palantir.tritium:tritium-lib",
                "com.palantir.tritium:tritium-metrics",
                "com.palantir.tritium:tritium-slf4j",
                "com.palantir.tritium:tritium-tracing"
            ]
        },
        "com.palantir.tritium:tritium-core": {
            "locked": "0.9.0",
            "transitive": [
                "com.palantir.tritium:tritium-lib",
                "com.palantir.tritium:tritium-metrics",
                "com.palantir.tritium:tritium-slf4j",
                "com.palantir.tritium:tritium-tracing"
            ]
        },
        "com.palantir.tritium:tritium-lib": {
            "locked": "0.9.0",
            "transitive": [
                "com.palantir.atlasdb:atlasdb-client"
            ]
        },
        "com.palantir.tritium:tritium-metrics": {
            "locked": "0.9.0",
            "transitive": [
                "com.palantir.atlasdb:atlasdb-client",
                "com.palantir.tritium:tritium-lib"
            ]
        },
        "com.palantir.tritium:tritium-proxy": {
            "locked": "0.9.0",
            "transitive": [
                "com.palantir.tritium:tritium-lib"
            ]
        },
        "com.palantir.tritium:tritium-registry": {
            "locked": "0.9.0",
            "transitive": [
                "com.palantir.atlasdb:atlasdb-client",
                "com.palantir.remoting3:okhttp-clients"
            ]
        },
        "com.palantir.tritium:tritium-slf4j": {
            "locked": "0.9.0",
            "transitive": [
                "com.palantir.tritium:tritium-lib"
            ]
        },
        "com.palantir.tritium:tritium-tracing": {
            "locked": "0.9.0",
            "transitive": [
                "com.palantir.tritium:tritium-lib"
            ]
        },
        "com.squareup.okhttp3:logging-interceptor": {
            "locked": "3.8.1",
            "transitive": [
                "com.palantir.remoting3:okhttp-clients"
            ]
        },
        "com.squareup.okhttp3:okhttp": {
            "locked": "3.8.1",
            "transitive": [
                "com.netflix.feign:feign-okhttp",
                "com.palantir.remoting3:okhttp-clients",
                "com.palantir.remoting3:tracing-okhttp3",
                "com.squareup.okhttp3:logging-interceptor"
            ]
        },
        "com.squareup.okio:okio": {
            "locked": "1.13.0",
            "transitive": [
                "com.squareup.okhttp3:okhttp"
            ]
        },
        "com.squareup:javapoet": {
            "locked": "1.9.0",
            "transitive": [
                "com.palantir.atlasdb:atlasdb-client"
            ]
        },
        "commons-lang:commons-lang": {
            "locked": "2.6",
            "transitive": [
                "com.palantir.atlasdb:atlasdb-client"
            ]
        },
        "io.dropwizard.metrics:metrics-core": {
            "locked": "3.2.3",
            "transitive": [
                "com.palantir.atlasdb:atlasdb-commons",
                "com.palantir.remoting3:okhttp-clients",
                "com.palantir.tritium:tritium-registry"
            ]
        },
        "javax.validation:validation-api": {
            "locked": "1.1.0.Final",
            "transitive": [
                "com.palantir.atlasdb:atlasdb-api"
            ]
        },
        "javax.ws.rs:javax.ws.rs-api": {
            "locked": "2.0.1",
            "transitive": [
                "com.palantir.atlasdb:atlasdb-api",
                "com.palantir.atlasdb:atlasdb-commons",
                "com.palantir.atlasdb:atlasdb-persistent-lock-api",
                "com.palantir.atlasdb:lock-api",
                "com.palantir.atlasdb:qos-service-api",
                "com.palantir.atlasdb:timestamp-api",
                "com.palantir.remoting-api:errors",
                "com.palantir.remoting3:error-handling",
                "com.palantir.remoting3:jaxrs-clients"
            ]
        },
        "joda-time:joda-time": {
            "locked": "2.9",
            "transitive": [
                "com.palantir.atlasdb:lock-impl"
            ]
        },
        "net.jcip:jcip-annotations": {
            "locked": "1.0",
            "transitive": [
                "com.google.code.findbugs:annotations"
            ]
        },
        "net.jpountz.lz4:lz4": {
            "locked": "1.3.0",
            "transitive": [
                "com.palantir.atlasdb:atlasdb-commons"
            ]
        },
        "org.apache.commons:commons-lang3": {
            "locked": "3.4",
            "transitive": [
                "com.palantir.atlasdb:atlasdb-api"
            ]
        },
        "org.apache.commons:commons-math3": {
            "locked": "3.2",
            "transitive": [
                "com.palantir.atlasdb:atlasdb-commons"
            ]
        },
        "org.checkerframework:checker-compat-qual": {
            "locked": "2.0.0",
            "transitive": [
                "com.google.guava:guava"
            ]
        },
        "org.codehaus.mojo:animal-sniffer-annotations": {
            "locked": "1.14",
            "transitive": [
                "com.google.guava:guava"
            ]
        },
        "org.hdrhistogram:HdrHistogram": {
            "locked": "2.1.10",
            "transitive": [
                "com.palantir.atlasdb:atlasdb-client"
            ]
        },
        "org.jvnet:animal-sniffer-annotation": {
            "locked": "1.0",
            "transitive": [
                "com.netflix.feign:feign-core"
            ]
        },
        "org.mpierce.metrics.reservoir:hdrhistogram-metrics-reservoir": {
            "locked": "1.1.2",
            "transitive": [
                "com.palantir.tritium:tritium-metrics"
            ]
        },
        "org.slf4j:slf4j-api": {
            "locked": "1.7.25",
            "transitive": [
                "com.netflix.feign:feign-slf4j",
                "com.palantir.atlasdb:atlasdb-commons",
                "com.palantir.remoting3:error-handling",
                "com.palantir.remoting3:jaxrs-clients",
                "com.palantir.remoting3:okhttp-clients",
                "com.palantir.remoting3:tracing",
                "com.palantir.tokens:auth-tokens",
                "com.palantir.tritium:tritium-core",
                "com.palantir.tritium:tritium-lib",
                "com.palantir.tritium:tritium-metrics",
                "com.palantir.tritium:tritium-slf4j",
                "com.palantir.tritium:tritium-tracing",
                "io.dropwizard.metrics:metrics-core"
            ]
        },
        "org.xerial.snappy:snappy-java": {
            "locked": "1.1.1.7",
            "transitive": [
                "com.palantir.atlasdb:atlasdb-client"
            ]
        },
        "org.yaml:snakeyaml": {
            "locked": "1.12",
            "transitive": [
                "com.palantir.atlasdb:lock-impl"
            ]
        }
    }
}