install:
  paxos:
    data-directory: "var/data/paxos"
    is-new-service: false
  timestampBoundPersistence:

runtime:
  cluster-config-not-live-reloaded:
    cluster:
      uris:
        - "localhost:8421"
    local-server: "localhost:8421"
    enableNonstandardAndPossiblyDangerousTopology: true
  paxos:
  permitted-backup-token: "test-auth"

server:
  applicationConnectors:
    - type: http
      port: 8421
  adminConnectors:
    - type: http
      port: 8422
