{
    "compileClasspath": {
        "com.google.code.findbugs:annotations": {
            "locked": "2.0.3"
        },
        "com.google.protobuf:protobuf-java": {
            "locked": "3.5.1"
        }
    },
    "runtime": {
        "com.google.code.findbugs:annotations": {
            "locked": "2.0.3"
        },
        "com.google.protobuf:protobuf-java": {
            "locked": "3.5.1"
        }
    }
}